// !$*UTF8*$!
{
	archiveVersion = 1;
	classes = {
	};
	objectVersion = 46;
	objects = {

/* Begin PBXBuildFile section */
		0132A2BE1DD60CA8003DA57B /* NewsDetailVc.m in Sources */ = {isa = PBXBuildFile; fileRef = 0132A2BD1DD60CA8003DA57B /* NewsDetailVc.m */; };
		013DA8D61DEC43F100AC9976 /* 180px-Club_Deportivo_Leganés.png in Resources */ = {isa = PBXBuildFile; fileRef = 013DA8C21DEC43F100AC9976 /* 180px-Club_Deportivo_Leganés.png */; };
		013DA8D71DEC43F100AC9976 /* Athletic_Club_Bilbao.png in Resources */ = {isa = PBXBuildFile; fileRef = 013DA8C31DEC43F100AC9976 /* Athletic_Club_Bilbao.png */; };
		013DA8D81DEC43F100AC9976 /* Atletico_Madrid_logo.png in Resources */ = {isa = PBXBuildFile; fileRef = 013DA8C41DEC43F100AC9976 /* Atletico_Madrid_logo.png */; };
		013DA8D91DEC43F100AC9976 /* Atletico_Osasuna.png in Resources */ = {isa = PBXBuildFile; fileRef = 013DA8C51DEC43F100AC9976 /* Atletico_Osasuna.png */; };
		013DA8DA1DEC43F100AC9976 /* Celta_Vigo.png in Resources */ = {isa = PBXBuildFile; fileRef = 013DA8C61DEC43F100AC9976 /* Celta_Vigo.png */; };
		013DA8DB1DEC43F100AC9976 /* Deportivo_Alaves_logo.png in Resources */ = {isa = PBXBuildFile; fileRef = 013DA8C71DEC43F100AC9976 /* Deportivo_Alaves_logo.png */; };
		013DA8DC1DEC43F100AC9976 /* Fc_barcelona.png in Resources */ = {isa = PBXBuildFile; fileRef = 013DA8C81DEC43F100AC9976 /* Fc_barcelona.png */; };
		013DA8DD1DEC43F100AC9976 /* FC_Málaga.png in Resources */ = {isa = PBXBuildFile; fileRef = 013DA8C91DEC43F100AC9976 /* FC_Málaga.png */; };
		013DA8DE1DEC43F100AC9976 /* FC_Valencia.png in Resources */ = {isa = PBXBuildFile; fileRef = 013DA8CA1DEC43F100AC9976 /* FC_Valencia.png */; };
		013DA8DF1DEC43F100AC9976 /* Granada_CF.png in Resources */ = {isa = PBXBuildFile; fileRef = 013DA8CB1DEC43F100AC9976 /* Granada_CF.png */; };
		013DA8E01DEC43F100AC9976 /* RC_Deportivo_La_Coruña_logo.png in Resources */ = {isa = PBXBuildFile; fileRef = 013DA8CC1DEC43F100AC9976 /* RC_Deportivo_La_Coruña_logo.png */; };
		013DA8E11DEC43F100AC9976 /* RCD_Espanyol_De_Barcelona.png in Resources */ = {isa = PBXBuildFile; fileRef = 013DA8CD1DEC43F100AC9976 /* RCD_Espanyol_De_Barcelona.png */; };
		013DA8E21DEC43F100AC9976 /* Real_Betis.png in Resources */ = {isa = PBXBuildFile; fileRef = 013DA8CE1DEC43F100AC9976 /* Real_Betis.png */; };
		013DA8E31DEC43F100AC9976 /* Real_Madrid_Logo.png in Resources */ = {isa = PBXBuildFile; fileRef = 013DA8CF1DEC43F100AC9976 /* Real_Madrid_Logo.png */; };
		013DA8E41DEC43F100AC9976 /* Real_Sociedad_San_Sebastián.png in Resources */ = {isa = PBXBuildFile; fileRef = 013DA8D01DEC43F100AC9976 /* Real_Sociedad_San_Sebastián.png */; };
		013DA8E51DEC43F100AC9976 /* Real_Sporting_de_Gijon.png in Resources */ = {isa = PBXBuildFile; fileRef = 013DA8D11DEC43F100AC9976 /* Real_Sporting_de_Gijon.png */; };
		013DA8E61DEC43F100AC9976 /* SD_Eibar_logo.png in Resources */ = {isa = PBXBuildFile; fileRef = 013DA8D21DEC43F100AC9976 /* SD_Eibar_logo.png */; };
		013DA8E71DEC43F100AC9976 /* Sevilla_cf_200px.png in Resources */ = {isa = PBXBuildFile; fileRef = 013DA8D31DEC43F100AC9976 /* Sevilla_cf_200px.png */; };
		013DA8E81DEC43F100AC9976 /* UD_Las_Palmas_logo.png in Resources */ = {isa = PBXBuildFile; fileRef = 013DA8D41DEC43F100AC9976 /* UD_Las_Palmas_logo.png */; };
		013DA8E91DEC43F100AC9976 /* Villarreal_CF_logo.png in Resources */ = {isa = PBXBuildFile; fileRef = 013DA8D51DEC43F100AC9976 /* Villarreal_CF_logo.png */; };
		013DA8EB1DEC441700AC9976 /* crestImages.plist in Resources */ = {isa = PBXBuildFile; fileRef = 013DA8EA1DEC441700AC9976 /* crestImages.plist */; };
		013DA8FF1DEC605E00AC9976 /* 1024px-FC_Schalke_04_Logo.png in Resources */ = {isa = PBXBuildFile; fileRef = 013DA8ED1DEC605E00AC9976 /* 1024px-FC_Schalke_04_Logo.png */; };
		013DA9001DEC605E00AC9976 /* Bayer_04_Leverkusen_Logo.png in Resources */ = {isa = PBXBuildFile; fileRef = 013DA8EE1DEC605E00AC9976 /* Bayer_04_Leverkusen_Logo.png */; };
		013DA9011DEC605E00AC9976 /* Borussia_Dortmund_logo.png in Resources */ = {isa = PBXBuildFile; fileRef = 013DA8EF1DEC605E00AC9976 /* Borussia_Dortmund_logo.png */; };
		013DA9021DEC605E00AC9976 /* Borussia_Mönchengladbach_logo.png in Resources */ = {isa = PBXBuildFile; fileRef = 013DA8F01DEC605E00AC9976 /* Borussia_Mönchengladbach_logo.png */; };
		013DA9031DEC605E00AC9976 /* Eintracht_Frankfurt_Logo.png in Resources */ = {isa = PBXBuildFile; fileRef = 013DA8F11DEC605E00AC9976 /* Eintracht_Frankfurt_Logo.png */; };
		013DA9041DEC605E00AC9976 /* FC-Ingolstadt_logo.png in Resources */ = {isa = PBXBuildFile; fileRef = 013DA8F21DEC605E00AC9976 /* FC-Ingolstadt_logo.png */; };
		013DA9051DEC605E00AC9976 /* Fc_cologne.png in Resources */ = {isa = PBXBuildFile; fileRef = 013DA8F31DEC605E00AC9976 /* Fc_cologne.png */; };
		013DA9061DEC605E00AC9976 /* FSV_Mainz_05_Logo.png in Resources */ = {isa = PBXBuildFile; fileRef = 013DA8F41DEC605E00AC9976 /* FSV_Mainz_05_Logo.png */; };
		013DA9071DEC605E00AC9976 /* Hertha_BSC_Logo_2012.svg.png in Resources */ = {isa = PBXBuildFile; fileRef = 013DA8F51DEC605E00AC9976 /* Hertha_BSC_Logo_2012.svg.png */; };
		013DA9081DEC605E00AC9976 /* HSV-Logo.png in Resources */ = {isa = PBXBuildFile; fileRef = 013DA8F61DEC605E00AC9976 /* HSV-Logo.png */; };
		013DA9091DEC605E00AC9976 /* Logo-VfL-Wolfsburg.png in Resources */ = {isa = PBXBuildFile; fileRef = 013DA8F71DEC605E00AC9976 /* Logo-VfL-Wolfsburg.png */; };
		013DA90A1DEC605E00AC9976 /* Logo_FC_Augsburg.png in Resources */ = {isa = PBXBuildFile; fileRef = 013DA8F81DEC605E00AC9976 /* Logo_FC_Augsburg.png */; };
		013DA90B1DEC605E00AC9976 /* Logo_FC_Bayern_München.png in Resources */ = {isa = PBXBuildFile; fileRef = 013DA8F91DEC605E00AC9976 /* Logo_FC_Bayern_München.png */; };
		013DA90C1DEC605E00AC9976 /* Logo_TSG_Hoffenheim.svg.png in Resources */ = {isa = PBXBuildFile; fileRef = 013DA8FA1DEC605E00AC9976 /* Logo_TSG_Hoffenheim.svg.png */; };
		013DA90D1DEC605E00AC9976 /* RB_Leipzig_2010_logo.png in Resources */ = {isa = PBXBuildFile; fileRef = 013DA8FB1DEC605E00AC9976 /* RB_Leipzig_2010_logo.png */; };
		013DA90E1DEC605E00AC9976 /* SC-Freiburg_Logo-neu.png in Resources */ = {isa = PBXBuildFile; fileRef = 013DA8FC1DEC605E00AC9976 /* SC-Freiburg_Logo-neu.png */; };
		013DA90F1DEC605E00AC9976 /* SV-Werder-Bremen-Logo.png in Resources */ = {isa = PBXBuildFile; fileRef = 013DA8FD1DEC605E00AC9976 /* SV-Werder-Bremen-Logo.png */; };
		013DA9101DEC605E00AC9976 /* Svdarmstadt98.png in Resources */ = {isa = PBXBuildFile; fileRef = 013DA8FE1DEC605E00AC9976 /* Svdarmstadt98.png */; };
		013DA9261DEC6C5900AC9976 /* 49e40e3bf70620d0378105bde37e7df5.png in Resources */ = {isa = PBXBuildFile; fileRef = 013DA9121DEC6C5900AC9976 /* 49e40e3bf70620d0378105bde37e7df5.png */; };
		013DA9271DEC6C5900AC9976 /* AS_Monaco.png in Resources */ = {isa = PBXBuildFile; fileRef = 013DA9131DEC6C5900AC9976 /* AS_Monaco.png */; };
		013DA9281DEC6C5900AC9976 /* AS_Nancy_Logo.png in Resources */ = {isa = PBXBuildFile; fileRef = 013DA9141DEC6C5900AC9976 /* AS_Nancy_Logo.png */; };
		013DA9291DEC6C5900AC9976 /* AS_Saint-Etienne_(aktuell).png in Resources */ = {isa = PBXBuildFile; fileRef = 013DA9151DEC6C5900AC9976 /* AS_Saint-Etienne_(aktuell).png */; };
		013DA92A1DEC6C5900AC9976 /* EA_Guingamp_Logo.png in Resources */ = {isa = PBXBuildFile; fileRef = 013DA9161DEC6C5900AC9976 /* EA_Guingamp_Logo.png */; };
		013DA92B1DEC6C5900AC9976 /* FC_Lorient_neu.png in Resources */ = {isa = PBXBuildFile; fileRef = 013DA9171DEC6C5900AC9976 /* FC_Lorient_neu.png */; };
		013DA92C1DEC6C5900AC9976 /* FC_Metz_Logo.png in Resources */ = {isa = PBXBuildFile; fileRef = 013DA9181DEC6C5900AC9976 /* FC_Metz_Logo.png */; };
		013DA92D1DEC6C5900AC9976 /* FC_Nantes_(seit_2008).png in Resources */ = {isa = PBXBuildFile; fileRef = 013DA9191DEC6C5900AC9976 /* FC_Nantes_(seit_2008).png */; };
		013DA92E1DEC6C5900AC9976 /* FC_Toulouse_Logo.png in Resources */ = {isa = PBXBuildFile; fileRef = 013DA91A1DEC6C5900AC9976 /* FC_Toulouse_Logo.png */; };
		013DA92F1DEC6C5900AC9976 /* FCO_Dijon.png in Resources */ = {isa = PBXBuildFile; fileRef = 013DA91B1DEC6C5900AC9976 /* FCO_Dijon.png */; };
		013DA9301DEC6C5900AC9976 /* Girondins_Bordeaux_Logo.png in Resources */ = {isa = PBXBuildFile; fileRef = 013DA91C1DEC6C5900AC9976 /* Girondins_Bordeaux_Logo.png */; };
		013DA9311DEC6C5900AC9976 /* HSC_Montpellier_Logo.png in Resources */ = {isa = PBXBuildFile; fileRef = 013DA91D1DEC6C5900AC9976 /* HSC_Montpellier_Logo.png */; };
		013DA9321DEC6C5900AC9976 /* Logo OGC Nice.png in Resources */ = {isa = PBXBuildFile; fileRef = 013DA91E1DEC6C5900AC9976 /* Logo OGC Nice.png */; };
		013DA9331DEC6C5900AC9976 /* LogoSmc2013.png in Resources */ = {isa = PBXBuildFile; fileRef = 013DA91F1DEC6C5900AC9976 /* LogoSmc2013.png */; };
		013DA9341DEC6C5900AC9976 /* LOSC_Lille_Crest_2012.png in Resources */ = {isa = PBXBuildFile; fileRef = 013DA9201DEC6C5900AC9976 /* LOSC_Lille_Crest_2012.png */; };
		013DA9351DEC6C5900AC9976 /* Olympique_Lyon.png in Resources */ = {isa = PBXBuildFile; fileRef = 013DA9211DEC6C5900AC9976 /* Olympique_Lyon.png */; };
		013DA9361DEC6C5900AC9976 /* Olympique_Marseille_Logo.png in Resources */ = {isa = PBXBuildFile; fileRef = 013DA9221DEC6C5900AC9976 /* Olympique_Marseille_Logo.png */; };
		013DA9371DEC6C5900AC9976 /* SC_Bastia.png in Resources */ = {isa = PBXBuildFile; fileRef = 013DA9231DEC6C5900AC9976 /* SC_Bastia.png */; };
		013DA9381DEC6C5900AC9976 /* SCO_Angers.png in Resources */ = {isa = PBXBuildFile; fileRef = 013DA9241DEC6C5900AC9976 /* SCO_Angers.png */; };
		013DA9391DEC6C5900AC9976 /* Stade_Rennais_Football_Club.png in Resources */ = {isa = PBXBuildFile; fileRef = 013DA9251DEC6C5900AC9976 /* Stade_Rennais_Football_Club.png */; };
		013DA93B1DEC770B00AC9976 /* loading.png in Resources */ = {isa = PBXBuildFile; fileRef = 013DA93A1DEC770B00AC9976 /* loading.png */; };
		013F186C1DFFCFF900C8BCC3 /* TransferTableCell.m in Sources */ = {isa = PBXBuildFile; fileRef = 013F186B1DFFCFF900C8BCC3 /* TransferTableCell.m */; };
		0145C9001DF9451500C1ADF4 /* Assets.xcassets in Resources */ = {isa = PBXBuildFile; fileRef = 0145C8FD1DF9451500C1ADF4 /* Assets.xcassets */; };
		0145C9011DF9451500C1ADF4 /* LaunchScreen.storyboard in Resources */ = {isa = PBXBuildFile; fileRef = 0145C8FE1DF9451500C1ADF4 /* LaunchScreen.storyboard */; };
		0145C9021DF9451500C1ADF4 /* Main.storyboard in Resources */ = {isa = PBXBuildFile; fileRef = 0145C8FF1DF9451500C1ADF4 /* Main.storyboard */; };
		016E12721DE5BF45005B1AFB /* CompetitionsVc.m in Sources */ = {isa = PBXBuildFile; fileRef = 016E12711DE5BF45005B1AFB /* CompetitionsVc.m */; };
		017510F81DD32F56000B3793 /* InfoPlist.strings in Resources */ = {isa = PBXBuildFile; fileRef = 017510DA1DD32F56000B3793 /* InfoPlist.strings */; };
		017510F91DD32F56000B3793 /* ExampleAppDelegate.m in Sources */ = {isa = PBXBuildFile; fileRef = 017510DD1DD32F56000B3793 /* ExampleAppDelegate.m */; };
		017510FA1DD32F56000B3793 /* ExampleTableViewCell.m in Sources */ = {isa = PBXBuildFile; fileRef = 017510DF1DD32F56000B3793 /* ExampleTableViewCell.m */; };
		017510FB1DD32F56000B3793 /* ExampleViewController.m in Sources */ = {isa = PBXBuildFile; fileRef = 017510E11DD32F56000B3793 /* ExampleViewController.m */; };
		017510FC1DD32F56000B3793 /* expandGlyph.png in Resources */ = {isa = PBXBuildFile; fileRef = 017510E21DD32F56000B3793 /* expandGlyph.png */; };
		017510FE1DD32F56000B3793 /* HVTableView.m in Sources */ = {isa = PBXBuildFile; fileRef = 017510E61DD32F56000B3793 /* HVTableView.m */; };
		017511021DD32F56000B3793 /* up-arrow-2.png in Resources */ = {isa = PBXBuildFile; fileRef = 017510EA1DD32F56000B3793 /* up-arrow-2.png */; };
		017511031DD32F56000B3793 /* up-arrow-3.png in Resources */ = {isa = PBXBuildFile; fileRef = 017510EB1DD32F56000B3793 /* up-arrow-3.png */; };
		017511041DD32F56000B3793 /* up-arrow-4.png in Resources */ = {isa = PBXBuildFile; fileRef = 017510EC1DD32F56000B3793 /* up-arrow-4.png */; };
		017511051DD32F56000B3793 /* up-arrow.png in Resources */ = {isa = PBXBuildFile; fileRef = 017510ED1DD32F56000B3793 /* up-arrow.png */; };
		01781F561DD5D1CB00431949 /* RssTableCell.m in Sources */ = {isa = PBXBuildFile; fileRef = 01781F551DD5D1CB00431949 /* RssTableCell.m */; };
		01781F631DD5F09400431949 /* NewsFeedsVc.m in Sources */ = {isa = PBXBuildFile; fileRef = 01781F621DD5F09400431949 /* NewsFeedsVc.m */; };
		0178FA311DDF080900A57176 /* QuartzCore.framework in Frameworks */ = {isa = PBXBuildFile; fileRef = 0178FA301DDF080900A57176 /* QuartzCore.framework */; };
		017BCF6D1DCCA37700069732 /* main.m in Sources */ = {isa = PBXBuildFile; fileRef = 017BCF6C1DCCA37700069732 /* main.m */; };
		017BCF701DCCA37800069732 /* AppDelegate.m in Sources */ = {isa = PBXBuildFile; fileRef = 017BCF6F1DCCA37800069732 /* AppDelegate.m */; };
		017BCF731DCCA37800069732 /* ViewController.m in Sources */ = {isa = PBXBuildFile; fileRef = 017BCF721DCCA37800069732 /* ViewController.m */; };
		017BCF9C1DCCA40800069732 /* GlowImageView.m in Sources */ = {isa = PBXBuildFile; fileRef = 017BCF951DCCA40800069732 /* GlowImageView.m */; };
		017BCF9D1DCCA40800069732 /* MenuButton.m in Sources */ = {isa = PBXBuildFile; fileRef = 017BCF971DCCA40800069732 /* MenuButton.m */; };
		017BCF9E1DCCA40800069732 /* MenuItem.m in Sources */ = {isa = PBXBuildFile; fileRef = 017BCF991DCCA40800069732 /* MenuItem.m */; };
		017BCF9F1DCCA40800069732 /* PopMenu.m in Sources */ = {isa = PBXBuildFile; fileRef = 017BCF9B1DCCA40800069732 /* PopMenu.m */; };
		017BCFA31DCCC39700069732 /* PremierLeagueVc.m in Sources */ = {isa = PBXBuildFile; fileRef = 017BCFA21DCCC39700069732 /* PremierLeagueVc.m */; };
		017BCFA61DCCC4E100069732 /* ShowMenuVc.m in Sources */ = {isa = PBXBuildFile; fileRef = 017BCFA51DCCC4E100069732 /* ShowMenuVc.m */; };
		018844871E07C34D0008D8AC /* close1.png in Resources */ = {isa = PBXBuildFile; fileRef = 018844861E07C34D0008D8AC /* close1.png */; };
		018B5F0E1DE862FB008D299D /* CoreGraphics.framework in Frameworks */ = {isa = PBXBuildFile; fileRef = 018B5F0B1DE862FB008D299D /* CoreGraphics.framework */; };
		018B5F0F1DE862FB008D299D /* CoreImage.framework in Frameworks */ = {isa = PBXBuildFile; fileRef = 018B5F0C1DE862FB008D299D /* CoreImage.framework */; };
		018B5F101DE862FB008D299D /* CoreText.framework in Frameworks */ = {isa = PBXBuildFile; fileRef = 018B5F0D1DE862FB008D299D /* CoreText.framework */; };
		018B5F121DE86313008D299D /* libxml2.2.tbd in Frameworks */ = {isa = PBXBuildFile; fileRef = 018B5F111DE86313008D299D /* libxml2.2.tbd */; };
		018B5F141DE8631D008D299D /* UIKit.framework in Frameworks */ = {isa = PBXBuildFile; fileRef = 018B5F131DE8631D008D299D /* UIKit.framework */; };
		018B5F271DE868A9008D299D /* 11.jpg in Resources */ = {isa = PBXBuildFile; fileRef = 018B5F161DE868A9008D299D /* 11.jpg */; };
		018B5F281DE868A9008D299D /* 22.jpg in Resources */ = {isa = PBXBuildFile; fileRef = 018B5F171DE868A9008D299D /* 22.jpg */; };
		018B5F291DE868A9008D299D /* 33.jpg in Resources */ = {isa = PBXBuildFile; fileRef = 018B5F181DE868A9008D299D /* 33.jpg */; };
		018B5F2A1DE868A9008D299D /* 44.jpg in Resources */ = {isa = PBXBuildFile; fileRef = 018B5F191DE868A9008D299D /* 44.jpg */; };
		018B5F2B1DE868A9008D299D /* 55.jpg in Resources */ = {isa = PBXBuildFile; fileRef = 018B5F1A1DE868A9008D299D /* 55.jpg */; };
		018B5F2C1DE868A9008D299D /* 66.jpg in Resources */ = {isa = PBXBuildFile; fileRef = 018B5F1B1DE868A9008D299D /* 66.jpg */; };
		018B5F2D1DE868A9008D299D /* 77.jpg in Resources */ = {isa = PBXBuildFile; fileRef = 018B5F1C1DE868A9008D299D /* 77.jpg */; };
		018B5F2E1DE868A9008D299D /* Ball.png in Resources */ = {isa = PBXBuildFile; fileRef = 018B5F1D1DE868A9008D299D /* Ball.png */; };
		018B5F2F1DE868A9008D299D /* Ball2.png in Resources */ = {isa = PBXBuildFile; fileRef = 018B5F1E1DE868A9008D299D /* Ball2.png */; };
		018B5F301DE868A9008D299D /* Ball3.png in Resources */ = {isa = PBXBuildFile; fileRef = 018B5F1F1DE868A9008D299D /* Ball3.png */; };
		018B5F311DE868A9008D299D /* Ball4.png in Resources */ = {isa = PBXBuildFile; fileRef = 018B5F201DE868A9008D299D /* Ball4.png */; };
		018B5F321DE868A9008D299D /* Ball5.png in Resources */ = {isa = PBXBuildFile; fileRef = 018B5F211DE868A9008D299D /* Ball5.png */; };
		018B5F331DE868A9008D299D /* Close.png in Resources */ = {isa = PBXBuildFile; fileRef = 018B5F221DE868A9008D299D /* Close.png */; };
		018B5F341DE868A9008D299D /* Fixtures.png in Resources */ = {isa = PBXBuildFile; fileRef = 018B5F231DE868A9008D299D /* Fixtures.png */; };
		018B5F351DE868A9008D299D /* football-player.png in Resources */ = {isa = PBXBuildFile; fileRef = 018B5F241DE868A9008D299D /* football-player.png */; };
		018B5F361DE868A9008D299D /* menu.png in Resources */ = {isa = PBXBuildFile; fileRef = 018B5F251DE868A9008D299D /* menu.png */; };
		018B5F4D1DE868DF008D299D /* Afc_bournemouth.png in Resources */ = {isa = PBXBuildFile; fileRef = 018B5F391DE868DF008D299D /* Afc_bournemouth.png */; };
		018B5F4E1DE868DF008D299D /* AFC_Sunderland.png in Resources */ = {isa = PBXBuildFile; fileRef = 018B5F3A1DE868DF008D299D /* AFC_Sunderland.png */; };
		018B5F4F1DE868DF008D299D /* Arsenal_FC.png in Resources */ = {isa = PBXBuildFile; fileRef = 018B5F3B1DE868DF008D299D /* Arsenal_FC.png */; };
		018B5F501DE868DF008D299D /* Burnley_FC_badge.png in Resources */ = {isa = PBXBuildFile; fileRef = 018B5F3C1DE868DF008D299D /* Burnley_FC_badge.png */; };
		018B5F511DE868DF008D299D /* Chelsea_crest.png in Resources */ = {isa = PBXBuildFile; fileRef = 018B5F3D1DE868DF008D299D /* Chelsea_crest.png */; };
		018B5F521DE868DF008D299D /* Crystal_Palace_F.C._logo_(2013).png in Resources */ = {isa = PBXBuildFile; fileRef = 018B5F3E1DE868DF008D299D /* Crystal_Palace_F.C._logo_(2013).png */; };
		018B5F531DE868DF008D299D /* Everton_FC.png in Resources */ = {isa = PBXBuildFile; fileRef = 018B5F3F1DE868DF008D299D /* Everton_FC.png */; };
		018B5F541DE868DF008D299D /* FC_Liverpool.png in Resources */ = {isa = PBXBuildFile; fileRef = 018B5F401DE868DF008D299D /* FC_Liverpool.png */; };
		018B5F551DE868DF008D299D /* FC_Southampton.png in Resources */ = {isa = PBXBuildFile; fileRef = 018B5F411DE868DF008D299D /* FC_Southampton.png */; };
		018B5F561DE868DF008D299D /* Hull_City_AFC.png in Resources */ = {isa = PBXBuildFile; fileRef = 018B5F421DE868DF008D299D /* Hull_City_AFC.png */; };
		018B5F571DE868DF008D299D /* Leicester02.png in Resources */ = {isa = PBXBuildFile; fileRef = 018B5F431DE868DF008D299D /* Leicester02.png */; };
		018B5F581DE868DF008D299D /* Manchester_City_FC_badge.png in Resources */ = {isa = PBXBuildFile; fileRef = 018B5F441DE868DF008D299D /* Manchester_City_FC_badge.png */; };
		018B5F591DE868DF008D299D /* Manchester_United_FC.png in Resources */ = {isa = PBXBuildFile; fileRef = 018B5F451DE868DF008D299D /* Manchester_United_FC.png */; };
		018B5F5A1DE868DF008D299D /* Middlesbrough_FC_crest.png in Resources */ = {isa = PBXBuildFile; fileRef = 018B5F461DE868DF008D299D /* Middlesbrough_FC_crest.png */; };
		018B5F5B1DE868DF008D299D /* Stoke_City.png in Resources */ = {isa = PBXBuildFile; fileRef = 018B5F471DE868DF008D299D /* Stoke_City.png */; };
		018B5F5C1DE868DF008D299D /* Swansea_City_Logo.png in Resources */ = {isa = PBXBuildFile; fileRef = 018B5F481DE868DF008D299D /* Swansea_City_Logo.png */; };
		018B5F5D1DE868DF008D299D /* Tottenham_Hotspur.png in Resources */ = {isa = PBXBuildFile; fileRef = 018B5F491DE868DF008D299D /* Tottenham_Hotspur.png */; };
		018B5F5E1DE868DF008D299D /* Watford.png in Resources */ = {isa = PBXBuildFile; fileRef = 018B5F4A1DE868DF008D299D /* Watford.png */; };
		018B5F5F1DE868DF008D299D /* West_Bromwich_Albion.png in Resources */ = {isa = PBXBuildFile; fileRef = 018B5F4B1DE868DF008D299D /* West_Bromwich_Albion.png */; };
		018B5F601DE868DF008D299D /* West_Ham_United_FC.png in Resources */ = {isa = PBXBuildFile; fileRef = 018B5F4C1DE868DF008D299D /* West_Ham_United_FC.png */; };
		019C0D451DD1A43500977408 /* clubDetailVc.m in Sources */ = {isa = PBXBuildFile; fileRef = 019C0D441DD1A43500977408 /* clubDetailVc.m */; };
		019C5B2B1DDDDC2600559F44 /* UIView+YALConstraints.m in Sources */ = {isa = PBXBuildFile; fileRef = 019C5B271DDDDC2600559F44 /* UIView+YALConstraints.m */; };
		019C5B2C1DDDDC2600559F44 /* YALContextMenuTableView.m in Sources */ = {isa = PBXBuildFile; fileRef = 019C5B2A1DDDDC2600559F44 /* YALContextMenuTableView.m */; };
		019C5B311DDDDC4000559F44 /* ContextMenuCell.m in Sources */ = {isa = PBXBuildFile; fileRef = 019C5B2F1DDDDC4000559F44 /* ContextMenuCell.m */; };
		019C5B321DDDDC4000559F44 /* ContextMenuCell.xib in Resources */ = {isa = PBXBuildFile; fileRef = 019C5B301DDDDC4000559F44 /* ContextMenuCell.xib */; };
		019C5B341DDDE63400559F44 /* Imagess.xcassets in Resources */ = {isa = PBXBuildFile; fileRef = 019C5B331DDDE63400559F44 /* Imagess.xcassets */; };
		01C6007E1DD0637F00FA6CAA /* PremierLeagueCell.m in Sources */ = {isa = PBXBuildFile; fileRef = 01C6007D1DD0637F00FA6CAA /* PremierLeagueCell.m */; };
		01FB84E51DEF08EA005EAEB4 /* transfers.png in Resources */ = {isa = PBXBuildFile; fileRef = 01FB84E41DEF08EA005EAEB4 /* transfers.png */; };
		01FB84E71DEF0B06005EAEB4 /* news.png in Resources */ = {isa = PBXBuildFile; fileRef = 01FB84E61DEF0B06005EAEB4 /* news.png */; };
		01FB84EA1DEF1A5C005EAEB4 /* TransferNewsVc.m in Sources */ = {isa = PBXBuildFile; fileRef = 01FB84E91DEF1A5C005EAEB4 /* TransferNewsVc.m */; };
		1C5963A531A162620FA5D069 /* libPods-FootyMania.a in Frameworks */ = {isa = PBXBuildFile; fileRef = 597E67922D68D510B627DCEA /* libPods-FootyMania.a */; };
/* End PBXBuildFile section */

/* Begin PBXFileReference section */
		0132A2BC1DD60CA8003DA57B /* NewsDetailVc.h */ = {isa = PBXFileReference; fileEncoding = 4; lastKnownFileType = sourcecode.c.h; path = NewsDetailVc.h; sourceTree = "<group>"; };
		0132A2BD1DD60CA8003DA57B /* NewsDetailVc.m */ = {isa = PBXFileReference; fileEncoding = 4; lastKnownFileType = sourcecode.c.objc; path = NewsDetailVc.m; sourceTree = "<group>"; };
		013DA8C21DEC43F100AC9976 /* 180px-Club_Deportivo_Leganés.png */ = {isa = PBXFileReference; lastKnownFileType = image.png; path = "180px-Club_Deportivo_Leganés.png"; sourceTree = "<group>"; };
		013DA8C31DEC43F100AC9976 /* Athletic_Club_Bilbao.png */ = {isa = PBXFileReference; lastKnownFileType = image.png; path = Athletic_Club_Bilbao.png; sourceTree = "<group>"; };
		013DA8C41DEC43F100AC9976 /* Atletico_Madrid_logo.png */ = {isa = PBXFileReference; lastKnownFileType = image.png; path = Atletico_Madrid_logo.png; sourceTree = "<group>"; };
		013DA8C51DEC43F100AC9976 /* Atletico_Osasuna.png */ = {isa = PBXFileReference; lastKnownFileType = image.png; path = Atletico_Osasuna.png; sourceTree = "<group>"; };
		013DA8C61DEC43F100AC9976 /* Celta_Vigo.png */ = {isa = PBXFileReference; lastKnownFileType = image.png; path = Celta_Vigo.png; sourceTree = "<group>"; };
		013DA8C71DEC43F100AC9976 /* Deportivo_Alaves_logo.png */ = {isa = PBXFileReference; lastKnownFileType = image.png; path = Deportivo_Alaves_logo.png; sourceTree = "<group>"; };
		013DA8C81DEC43F100AC9976 /* Fc_barcelona.png */ = {isa = PBXFileReference; lastKnownFileType = image.png; path = Fc_barcelona.png; sourceTree = "<group>"; };
		013DA8C91DEC43F100AC9976 /* FC_Málaga.png */ = {isa = PBXFileReference; lastKnownFileType = image.png; path = "FC_Málaga.png"; sourceTree = "<group>"; };
		013DA8CA1DEC43F100AC9976 /* FC_Valencia.png */ = {isa = PBXFileReference; lastKnownFileType = image.png; path = FC_Valencia.png; sourceTree = "<group>"; };
		013DA8CB1DEC43F100AC9976 /* Granada_CF.png */ = {isa = PBXFileReference; lastKnownFileType = image.png; path = Granada_CF.png; sourceTree = "<group>"; };
		013DA8CC1DEC43F100AC9976 /* RC_Deportivo_La_Coruña_logo.png */ = {isa = PBXFileReference; lastKnownFileType = image.png; path = "RC_Deportivo_La_Coruña_logo.png"; sourceTree = "<group>"; };
		013DA8CD1DEC43F100AC9976 /* RCD_Espanyol_De_Barcelona.png */ = {isa = PBXFileReference; lastKnownFileType = image.png; path = RCD_Espanyol_De_Barcelona.png; sourceTree = "<group>"; };
		013DA8CE1DEC43F100AC9976 /* Real_Betis.png */ = {isa = PBXFileReference; lastKnownFileType = image.png; path = Real_Betis.png; sourceTree = "<group>"; };
		013DA8CF1DEC43F100AC9976 /* Real_Madrid_Logo.png */ = {isa = PBXFileReference; lastKnownFileType = image.png; path = Real_Madrid_Logo.png; sourceTree = "<group>"; };
		013DA8D01DEC43F100AC9976 /* Real_Sociedad_San_Sebastián.png */ = {isa = PBXFileReference; lastKnownFileType = image.png; path = "Real_Sociedad_San_Sebastián.png"; sourceTree = "<group>"; };
		013DA8D11DEC43F100AC9976 /* Real_Sporting_de_Gijon.png */ = {isa = PBXFileReference; lastKnownFileType = image.png; path = Real_Sporting_de_Gijon.png; sourceTree = "<group>"; };
		013DA8D21DEC43F100AC9976 /* SD_Eibar_logo.png */ = {isa = PBXFileReference; lastKnownFileType = image.png; path = SD_Eibar_logo.png; sourceTree = "<group>"; };
		013DA8D31DEC43F100AC9976 /* Sevilla_cf_200px.png */ = {isa = PBXFileReference; lastKnownFileType = image.png; path = Sevilla_cf_200px.png; sourceTree = "<group>"; };
		013DA8D41DEC43F100AC9976 /* UD_Las_Palmas_logo.png */ = {isa = PBXFileReference; lastKnownFileType = image.png; path = UD_Las_Palmas_logo.png; sourceTree = "<group>"; };
		013DA8D51DEC43F100AC9976 /* Villarreal_CF_logo.png */ = {isa = PBXFileReference; lastKnownFileType = image.png; path = Villarreal_CF_logo.png; sourceTree = "<group>"; };
		013DA8EA1DEC441700AC9976 /* crestImages.plist */ = {isa = PBXFileReference; fileEncoding = 4; lastKnownFileType = text.plist.xml; path = crestImages.plist; sourceTree = "<group>"; };
		013DA8ED1DEC605E00AC9976 /* 1024px-FC_Schalke_04_Logo.png */ = {isa = PBXFileReference; lastKnownFileType = image.png; path = "1024px-FC_Schalke_04_Logo.png"; sourceTree = "<group>"; };
		013DA8EE1DEC605E00AC9976 /* Bayer_04_Leverkusen_Logo.png */ = {isa = PBXFileReference; lastKnownFileType = image.png; path = Bayer_04_Leverkusen_Logo.png; sourceTree = "<group>"; };
		013DA8EF1DEC605E00AC9976 /* Borussia_Dortmund_logo.png */ = {isa = PBXFileReference; lastKnownFileType = image.png; path = Borussia_Dortmund_logo.png; sourceTree = "<group>"; };
		013DA8F01DEC605E00AC9976 /* Borussia_Mönchengladbach_logo.png */ = {isa = PBXFileReference; lastKnownFileType = image.png; path = "Borussia_Mönchengladbach_logo.png"; sourceTree = "<group>"; };
		013DA8F11DEC605E00AC9976 /* Eintracht_Frankfurt_Logo.png */ = {isa = PBXFileReference; lastKnownFileType = image.png; path = Eintracht_Frankfurt_Logo.png; sourceTree = "<group>"; };
		013DA8F21DEC605E00AC9976 /* FC-Ingolstadt_logo.png */ = {isa = PBXFileReference; lastKnownFileType = image.png; path = "FC-Ingolstadt_logo.png"; sourceTree = "<group>"; };
		013DA8F31DEC605E00AC9976 /* Fc_cologne.png */ = {isa = PBXFileReference; lastKnownFileType = image.png; path = Fc_cologne.png; sourceTree = "<group>"; };
		013DA8F41DEC605E00AC9976 /* FSV_Mainz_05_Logo.png */ = {isa = PBXFileReference; lastKnownFileType = image.png; path = FSV_Mainz_05_Logo.png; sourceTree = "<group>"; };
		013DA8F51DEC605E00AC9976 /* Hertha_BSC_Logo_2012.svg.png */ = {isa = PBXFileReference; lastKnownFileType = image.png; path = Hertha_BSC_Logo_2012.svg.png; sourceTree = "<group>"; };
		013DA8F61DEC605E00AC9976 /* HSV-Logo.png */ = {isa = PBXFileReference; lastKnownFileType = image.png; path = "HSV-Logo.png"; sourceTree = "<group>"; };
		013DA8F71DEC605E00AC9976 /* Logo-VfL-Wolfsburg.png */ = {isa = PBXFileReference; lastKnownFileType = image.png; path = "Logo-VfL-Wolfsburg.png"; sourceTree = "<group>"; };
		013DA8F81DEC605E00AC9976 /* Logo_FC_Augsburg.png */ = {isa = PBXFileReference; lastKnownFileType = image.png; path = Logo_FC_Augsburg.png; sourceTree = "<group>"; };
		013DA8F91DEC605E00AC9976 /* Logo_FC_Bayern_München.png */ = {isa = PBXFileReference; lastKnownFileType = image.png; path = "Logo_FC_Bayern_München.png"; sourceTree = "<group>"; };
		013DA8FA1DEC605E00AC9976 /* Logo_TSG_Hoffenheim.svg.png */ = {isa = PBXFileReference; lastKnownFileType = image.png; path = Logo_TSG_Hoffenheim.svg.png; sourceTree = "<group>"; };
		013DA8FB1DEC605E00AC9976 /* RB_Leipzig_2010_logo.png */ = {isa = PBXFileReference; lastKnownFileType = image.png; path = RB_Leipzig_2010_logo.png; sourceTree = "<group>"; };
		013DA8FC1DEC605E00AC9976 /* SC-Freiburg_Logo-neu.png */ = {isa = PBXFileReference; lastKnownFileType = image.png; path = "SC-Freiburg_Logo-neu.png"; sourceTree = "<group>"; };
		013DA8FD1DEC605E00AC9976 /* SV-Werder-Bremen-Logo.png */ = {isa = PBXFileReference; lastKnownFileType = image.png; path = "SV-Werder-Bremen-Logo.png"; sourceTree = "<group>"; };
		013DA8FE1DEC605E00AC9976 /* Svdarmstadt98.png */ = {isa = PBXFileReference; lastKnownFileType = image.png; path = Svdarmstadt98.png; sourceTree = "<group>"; };
		013DA9121DEC6C5900AC9976 /* 49e40e3bf70620d0378105bde37e7df5.png */ = {isa = PBXFileReference; lastKnownFileType = image.png; path = 49e40e3bf70620d0378105bde37e7df5.png; sourceTree = "<group>"; };
		013DA9131DEC6C5900AC9976 /* AS_Monaco.png */ = {isa = PBXFileReference; lastKnownFileType = image.png; path = AS_Monaco.png; sourceTree = "<group>"; };
		013DA9141DEC6C5900AC9976 /* AS_Nancy_Logo.png */ = {isa = PBXFileReference; lastKnownFileType = image.png; path = AS_Nancy_Logo.png; sourceTree = "<group>"; };
		013DA9151DEC6C5900AC9976 /* AS_Saint-Etienne_(aktuell).png */ = {isa = PBXFileReference; lastKnownFileType = image.png; path = "AS_Saint-Etienne_(aktuell).png"; sourceTree = "<group>"; };
		013DA9161DEC6C5900AC9976 /* EA_Guingamp_Logo.png */ = {isa = PBXFileReference; lastKnownFileType = image.png; path = EA_Guingamp_Logo.png; sourceTree = "<group>"; };
		013DA9171DEC6C5900AC9976 /* FC_Lorient_neu.png */ = {isa = PBXFileReference; lastKnownFileType = image.png; path = FC_Lorient_neu.png; sourceTree = "<group>"; };
		013DA9181DEC6C5900AC9976 /* FC_Metz_Logo.png */ = {isa = PBXFileReference; lastKnownFileType = image.png; path = FC_Metz_Logo.png; sourceTree = "<group>"; };
		013DA9191DEC6C5900AC9976 /* FC_Nantes_(seit_2008).png */ = {isa = PBXFileReference; lastKnownFileType = image.png; path = "FC_Nantes_(seit_2008).png"; sourceTree = "<group>"; };
		013DA91A1DEC6C5900AC9976 /* FC_Toulouse_Logo.png */ = {isa = PBXFileReference; lastKnownFileType = image.png; path = FC_Toulouse_Logo.png; sourceTree = "<group>"; };
		013DA91B1DEC6C5900AC9976 /* FCO_Dijon.png */ = {isa = PBXFileReference; lastKnownFileType = image.png; path = FCO_Dijon.png; sourceTree = "<group>"; };
		013DA91C1DEC6C5900AC9976 /* Girondins_Bordeaux_Logo.png */ = {isa = PBXFileReference; lastKnownFileType = image.png; path = Girondins_Bordeaux_Logo.png; sourceTree = "<group>"; };
		013DA91D1DEC6C5900AC9976 /* HSC_Montpellier_Logo.png */ = {isa = PBXFileReference; lastKnownFileType = image.png; path = HSC_Montpellier_Logo.png; sourceTree = "<group>"; };
		013DA91E1DEC6C5900AC9976 /* Logo OGC Nice.png */ = {isa = PBXFileReference; lastKnownFileType = image.png; path = "Logo OGC Nice.png"; sourceTree = "<group>"; };
		013DA91F1DEC6C5900AC9976 /* LogoSmc2013.png */ = {isa = PBXFileReference; lastKnownFileType = image.png; path = LogoSmc2013.png; sourceTree = "<group>"; };
		013DA9201DEC6C5900AC9976 /* LOSC_Lille_Crest_2012.png */ = {isa = PBXFileReference; lastKnownFileType = image.png; path = LOSC_Lille_Crest_2012.png; sourceTree = "<group>"; };
		013DA9211DEC6C5900AC9976 /* Olympique_Lyon.png */ = {isa = PBXFileReference; lastKnownFileType = image.png; path = Olympique_Lyon.png; sourceTree = "<group>"; };
		013DA9221DEC6C5900AC9976 /* Olympique_Marseille_Logo.png */ = {isa = PBXFileReference; lastKnownFileType = image.png; path = Olympique_Marseille_Logo.png; sourceTree = "<group>"; };
		013DA9231DEC6C5900AC9976 /* SC_Bastia.png */ = {isa = PBXFileReference; lastKnownFileType = image.png; path = SC_Bastia.png; sourceTree = "<group>"; };
		013DA9241DEC6C5900AC9976 /* SCO_Angers.png */ = {isa = PBXFileReference; lastKnownFileType = image.png; path = SCO_Angers.png; sourceTree = "<group>"; };
		013DA9251DEC6C5900AC9976 /* Stade_Rennais_Football_Club.png */ = {isa = PBXFileReference; lastKnownFileType = image.png; path = Stade_Rennais_Football_Club.png; sourceTree = "<group>"; };
		013DA93A1DEC770B00AC9976 /* loading.png */ = {isa = PBXFileReference; lastKnownFileType = image.png; path = loading.png; sourceTree = "<group>"; };
		013F186A1DFFCFF900C8BCC3 /* TransferTableCell.h */ = {isa = PBXFileReference; fileEncoding = 4; lastKnownFileType = sourcecode.c.h; path = TransferTableCell.h; sourceTree = "<group>"; };
		013F186B1DFFCFF900C8BCC3 /* TransferTableCell.m */ = {isa = PBXFileReference; fileEncoding = 4; lastKnownFileType = sourcecode.c.objc; path = TransferTableCell.m; sourceTree = "<group>"; };
		0145C8FD1DF9451500C1ADF4 /* Assets.xcassets */ = {isa = PBXFileReference; lastKnownFileType = folder.assetcatalog; path = Assets.xcassets; sourceTree = "<group>"; };
		0145C8FE1DF9451500C1ADF4 /* LaunchScreen.storyboard */ = {isa = PBXFileReference; fileEncoding = 4; lastKnownFileType = file.storyboard; path = LaunchScreen.storyboard; sourceTree = "<group>"; };
		0145C8FF1DF9451500C1ADF4 /* Main.storyboard */ = {isa = PBXFileReference; fileEncoding = 4; lastKnownFileType = file.storyboard; path = Main.storyboard; sourceTree = "<group>"; };
		016E12701DE5BF45005B1AFB /* CompetitionsVc.h */ = {isa = PBXFileReference; fileEncoding = 4; lastKnownFileType = sourcecode.c.h; path = CompetitionsVc.h; sourceTree = "<group>"; };
		016E12711DE5BF45005B1AFB /* CompetitionsVc.m */ = {isa = PBXFileReference; fileEncoding = 4; lastKnownFileType = sourcecode.c.objc; path = CompetitionsVc.m; sourceTree = "<group>"; };
		017510DB1DD32F56000B3793 /* en */ = {isa = PBXFileReference; lastKnownFileType = text.plist.strings; name = en; path = en.lproj/InfoPlist.strings; sourceTree = "<group>"; };
		017510DC1DD32F56000B3793 /* ExampleAppDelegate.h */ = {isa = PBXFileReference; fileEncoding = 4; lastKnownFileType = sourcecode.c.h; path = ExampleAppDelegate.h; sourceTree = "<group>"; };
		017510DD1DD32F56000B3793 /* ExampleAppDelegate.m */ = {isa = PBXFileReference; fileEncoding = 4; lastKnownFileType = sourcecode.c.objc; path = ExampleAppDelegate.m; sourceTree = "<group>"; };
		017510DE1DD32F56000B3793 /* ExampleTableViewCell.h */ = {isa = PBXFileReference; fileEncoding = 4; lastKnownFileType = sourcecode.c.h; path = ExampleTableViewCell.h; sourceTree = "<group>"; };
		017510DF1DD32F56000B3793 /* ExampleTableViewCell.m */ = {isa = PBXFileReference; fileEncoding = 4; lastKnownFileType = sourcecode.c.objc; path = ExampleTableViewCell.m; sourceTree = "<group>"; };
		017510E01DD32F56000B3793 /* ExampleViewController.h */ = {isa = PBXFileReference; fileEncoding = 4; lastKnownFileType = sourcecode.c.h; path = ExampleViewController.h; sourceTree = "<group>"; };
		017510E11DD32F56000B3793 /* ExampleViewController.m */ = {isa = PBXFileReference; fileEncoding = 4; lastKnownFileType = sourcecode.c.objc; path = ExampleViewController.m; sourceTree = "<group>"; };
		017510E21DD32F56000B3793 /* expandGlyph.png */ = {isa = PBXFileReference; lastKnownFileType = image.png; path = expandGlyph.png; sourceTree = "<group>"; };
		017510E41DD32F56000B3793 /* HVTableView-Prefix.pch */ = {isa = PBXFileReference; fileEncoding = 4; lastKnownFileType = sourcecode.c.h; path = "HVTableView-Prefix.pch"; sourceTree = "<group>"; };
		017510E51DD32F56000B3793 /* HVTableView.h */ = {isa = PBXFileReference; fileEncoding = 4; lastKnownFileType = sourcecode.c.h; path = HVTableView.h; sourceTree = "<group>"; };
		017510E61DD32F56000B3793 /* HVTableView.m */ = {isa = PBXFileReference; fileEncoding = 4; lastKnownFileType = sourcecode.c.objc; path = HVTableView.m; sourceTree = "<group>"; };
		017510EA1DD32F56000B3793 /* up-arrow-2.png */ = {isa = PBXFileReference; lastKnownFileType = image.png; path = "up-arrow-2.png"; sourceTree = "<group>"; };
		017510EB1DD32F56000B3793 /* up-arrow-3.png */ = {isa = PBXFileReference; lastKnownFileType = image.png; path = "up-arrow-3.png"; sourceTree = "<group>"; };
		017510EC1DD32F56000B3793 /* up-arrow-4.png */ = {isa = PBXFileReference; lastKnownFileType = image.png; path = "up-arrow-4.png"; sourceTree = "<group>"; };
		017510ED1DD32F56000B3793 /* up-arrow.png */ = {isa = PBXFileReference; lastKnownFileType = image.png; path = "up-arrow.png"; sourceTree = "<group>"; };
		01781F541DD5D1CB00431949 /* RssTableCell.h */ = {isa = PBXFileReference; fileEncoding = 4; lastKnownFileType = sourcecode.c.h; path = RssTableCell.h; sourceTree = "<group>"; };
		01781F551DD5D1CB00431949 /* RssTableCell.m */ = {isa = PBXFileReference; fileEncoding = 4; lastKnownFileType = sourcecode.c.objc; path = RssTableCell.m; sourceTree = "<group>"; };
		01781F611DD5F09400431949 /* NewsFeedsVc.h */ = {isa = PBXFileReference; fileEncoding = 4; lastKnownFileType = sourcecode.c.h; path = NewsFeedsVc.h; sourceTree = "<group>"; };
		01781F621DD5F09400431949 /* NewsFeedsVc.m */ = {isa = PBXFileReference; fileEncoding = 4; lastKnownFileType = sourcecode.c.objc; path = NewsFeedsVc.m; sourceTree = "<group>"; };
		0178FA301DDF080900A57176 /* QuartzCore.framework */ = {isa = PBXFileReference; lastKnownFileType = wrapper.framework; name = QuartzCore.framework; path = System/Library/Frameworks/QuartzCore.framework; sourceTree = SDKROOT; };
		017BCF681DCCA37700069732 /* FootyMania.app */ = {isa = PBXFileReference; explicitFileType = wrapper.application; includeInIndex = 0; path = FootyMania.app; sourceTree = BUILT_PRODUCTS_DIR; };
		017BCF6C1DCCA37700069732 /* main.m */ = {isa = PBXFileReference; lastKnownFileType = sourcecode.c.objc; path = main.m; sourceTree = "<group>"; };
		017BCF6E1DCCA37800069732 /* AppDelegate.h */ = {isa = PBXFileReference; lastKnownFileType = sourcecode.c.h; path = AppDelegate.h; sourceTree = "<group>"; };
		017BCF6F1DCCA37800069732 /* AppDelegate.m */ = {isa = PBXFileReference; lastKnownFileType = sourcecode.c.objc; path = AppDelegate.m; sourceTree = "<group>"; };
		017BCF711DCCA37800069732 /* ViewController.h */ = {isa = PBXFileReference; lastKnownFileType = sourcecode.c.h; path = ViewController.h; sourceTree = "<group>"; };
		017BCF721DCCA37800069732 /* ViewController.m */ = {isa = PBXFileReference; lastKnownFileType = sourcecode.c.objc; path = ViewController.m; sourceTree = "<group>"; };
		017BCF7C1DCCA37800069732 /* Info.plist */ = {isa = PBXFileReference; lastKnownFileType = text.plist.xml; path = Info.plist; sourceTree = "<group>"; };
		017BCF941DCCA40800069732 /* GlowImageView.h */ = {isa = PBXFileReference; fileEncoding = 4; lastKnownFileType = sourcecode.c.h; path = GlowImageView.h; sourceTree = "<group>"; };
		017BCF951DCCA40800069732 /* GlowImageView.m */ = {isa = PBXFileReference; fileEncoding = 4; lastKnownFileType = sourcecode.c.objc; path = GlowImageView.m; sourceTree = "<group>"; };
		017BCF961DCCA40800069732 /* MenuButton.h */ = {isa = PBXFileReference; fileEncoding = 4; lastKnownFileType = sourcecode.c.h; path = MenuButton.h; sourceTree = "<group>"; };
		017BCF971DCCA40800069732 /* MenuButton.m */ = {isa = PBXFileReference; fileEncoding = 4; lastKnownFileType = sourcecode.c.objc; path = MenuButton.m; sourceTree = "<group>"; };
		017BCF981DCCA40800069732 /* MenuItem.h */ = {isa = PBXFileReference; fileEncoding = 4; lastKnownFileType = sourcecode.c.h; path = MenuItem.h; sourceTree = "<group>"; };
		017BCF991DCCA40800069732 /* MenuItem.m */ = {isa = PBXFileReference; fileEncoding = 4; lastKnownFileType = sourcecode.c.objc; path = MenuItem.m; sourceTree = "<group>"; };
		017BCF9A1DCCA40800069732 /* PopMenu.h */ = {isa = PBXFileReference; fileEncoding = 4; lastKnownFileType = sourcecode.c.h; path = PopMenu.h; sourceTree = "<group>"; };
		017BCF9B1DCCA40800069732 /* PopMenu.m */ = {isa = PBXFileReference; fileEncoding = 4; lastKnownFileType = sourcecode.c.objc; path = PopMenu.m; sourceTree = "<group>"; };
		017BCFA11DCCC39700069732 /* PremierLeagueVc.h */ = {isa = PBXFileReference; fileEncoding = 4; lastKnownFileType = sourcecode.c.h; path = PremierLeagueVc.h; sourceTree = "<group>"; };
		017BCFA21DCCC39700069732 /* PremierLeagueVc.m */ = {isa = PBXFileReference; fileEncoding = 4; lastKnownFileType = sourcecode.c.objc; path = PremierLeagueVc.m; sourceTree = "<group>"; };
		017BCFA41DCCC4E100069732 /* ShowMenuVc.h */ = {isa = PBXFileReference; fileEncoding = 4; lastKnownFileType = sourcecode.c.h; path = ShowMenuVc.h; sourceTree = "<group>"; };
		017BCFA51DCCC4E100069732 /* ShowMenuVc.m */ = {isa = PBXFileReference; fileEncoding = 4; lastKnownFileType = sourcecode.c.objc; path = ShowMenuVc.m; sourceTree = "<group>"; };
		018844861E07C34D0008D8AC /* close1.png */ = {isa = PBXFileReference; lastKnownFileType = image.png; path = close1.png; sourceTree = "<group>"; };
		018B5F0B1DE862FB008D299D /* CoreGraphics.framework */ = {isa = PBXFileReference; lastKnownFileType = wrapper.framework; name = CoreGraphics.framework; path = System/Library/Frameworks/CoreGraphics.framework; sourceTree = SDKROOT; };
		018B5F0C1DE862FB008D299D /* CoreImage.framework */ = {isa = PBXFileReference; lastKnownFileType = wrapper.framework; name = CoreImage.framework; path = System/Library/Frameworks/CoreImage.framework; sourceTree = SDKROOT; };
		018B5F0D1DE862FB008D299D /* CoreText.framework */ = {isa = PBXFileReference; lastKnownFileType = wrapper.framework; name = CoreText.framework; path = System/Library/Frameworks/CoreText.framework; sourceTree = SDKROOT; };
		018B5F111DE86313008D299D /* libxml2.2.tbd */ = {isa = PBXFileReference; lastKnownFileType = "sourcecode.text-based-dylib-definition"; name = libxml2.2.tbd; path = usr/lib/libxml2.2.tbd; sourceTree = SDKROOT; };
		018B5F131DE8631D008D299D /* UIKit.framework */ = {isa = PBXFileReference; lastKnownFileType = wrapper.framework; name = UIKit.framework; path = System/Library/Frameworks/UIKit.framework; sourceTree = SDKROOT; };
		018B5F161DE868A9008D299D /* 11.jpg */ = {isa = PBXFileReference; lastKnownFileType = image.jpeg; path = 11.jpg; sourceTree = "<group>"; };
		018B5F171DE868A9008D299D /* 22.jpg */ = {isa = PBXFileReference; lastKnownFileType = image.jpeg; path = 22.jpg; sourceTree = "<group>"; };
		018B5F181DE868A9008D299D /* 33.jpg */ = {isa = PBXFileReference; lastKnownFileType = image.jpeg; path = 33.jpg; sourceTree = "<group>"; };
		018B5F191DE868A9008D299D /* 44.jpg */ = {isa = PBXFileReference; lastKnownFileType = image.jpeg; path = 44.jpg; sourceTree = "<group>"; };
		018B5F1A1DE868A9008D299D /* 55.jpg */ = {isa = PBXFileReference; lastKnownFileType = image.jpeg; path = 55.jpg; sourceTree = "<group>"; };
		018B5F1B1DE868A9008D299D /* 66.jpg */ = {isa = PBXFileReference; lastKnownFileType = image.jpeg; path = 66.jpg; sourceTree = "<group>"; };
		018B5F1C1DE868A9008D299D /* 77.jpg */ = {isa = PBXFileReference; lastKnownFileType = image.jpeg; path = 77.jpg; sourceTree = "<group>"; };
		018B5F1D1DE868A9008D299D /* Ball.png */ = {isa = PBXFileReference; lastKnownFileType = image.png; path = Ball.png; sourceTree = "<group>"; };
		018B5F1E1DE868A9008D299D /* Ball2.png */ = {isa = PBXFileReference; lastKnownFileType = image.png; path = Ball2.png; sourceTree = "<group>"; };
		018B5F1F1DE868A9008D299D /* Ball3.png */ = {isa = PBXFileReference; lastKnownFileType = image.png; path = Ball3.png; sourceTree = "<group>"; };
		018B5F201DE868A9008D299D /* Ball4.png */ = {isa = PBXFileReference; lastKnownFileType = image.png; path = Ball4.png; sourceTree = "<group>"; };
		018B5F211DE868A9008D299D /* Ball5.png */ = {isa = PBXFileReference; lastKnownFileType = image.png; path = Ball5.png; sourceTree = "<group>"; };
		018B5F221DE868A9008D299D /* Close.png */ = {isa = PBXFileReference; lastKnownFileType = image.png; path = Close.png; sourceTree = "<group>"; };
		018B5F231DE868A9008D299D /* Fixtures.png */ = {isa = PBXFileReference; lastKnownFileType = image.png; path = Fixtures.png; sourceTree = "<group>"; };
		018B5F241DE868A9008D299D /* football-player.png */ = {isa = PBXFileReference; lastKnownFileType = image.png; path = "football-player.png"; sourceTree = "<group>"; };
		018B5F251DE868A9008D299D /* menu.png */ = {isa = PBXFileReference; lastKnownFileType = image.png; path = menu.png; sourceTree = "<group>"; };
		018B5F391DE868DF008D299D /* Afc_bournemouth.png */ = {isa = PBXFileReference; lastKnownFileType = image.png; path = Afc_bournemouth.png; sourceTree = "<group>"; };
		018B5F3A1DE868DF008D299D /* AFC_Sunderland.png */ = {isa = PBXFileReference; lastKnownFileType = image.png; path = AFC_Sunderland.png; sourceTree = "<group>"; };
		018B5F3B1DE868DF008D299D /* Arsenal_FC.png */ = {isa = PBXFileReference; lastKnownFileType = image.png; path = Arsenal_FC.png; sourceTree = "<group>"; };
		018B5F3C1DE868DF008D299D /* Burnley_FC_badge.png */ = {isa = PBXFileReference; lastKnownFileType = image.png; path = Burnley_FC_badge.png; sourceTree = "<group>"; };
		018B5F3D1DE868DF008D299D /* Chelsea_crest.png */ = {isa = PBXFileReference; lastKnownFileType = image.png; path = Chelsea_crest.png; sourceTree = "<group>"; };
		018B5F3E1DE868DF008D299D /* Crystal_Palace_F.C._logo_(2013).png */ = {isa = PBXFileReference; lastKnownFileType = image.png; path = "Crystal_Palace_F.C._logo_(2013).png"; sourceTree = "<group>"; };
		018B5F3F1DE868DF008D299D /* Everton_FC.png */ = {isa = PBXFileReference; lastKnownFileType = image.png; path = Everton_FC.png; sourceTree = "<group>"; };
		018B5F401DE868DF008D299D /* FC_Liverpool.png */ = {isa = PBXFileReference; lastKnownFileType = image.png; path = FC_Liverpool.png; sourceTree = "<group>"; };
		018B5F411DE868DF008D299D /* FC_Southampton.png */ = {isa = PBXFileReference; lastKnownFileType = image.png; path = FC_Southampton.png; sourceTree = "<group>"; };
		018B5F421DE868DF008D299D /* Hull_City_AFC.png */ = {isa = PBXFileReference; lastKnownFileType = image.png; path = Hull_City_AFC.png; sourceTree = "<group>"; };
		018B5F431DE868DF008D299D /* Leicester02.png */ = {isa = PBXFileReference; lastKnownFileType = image.png; path = Leicester02.png; sourceTree = "<group>"; };
		018B5F441DE868DF008D299D /* Manchester_City_FC_badge.png */ = {isa = PBXFileReference; lastKnownFileType = image.png; path = Manchester_City_FC_badge.png; sourceTree = "<group>"; };
		018B5F451DE868DF008D299D /* Manchester_United_FC.png */ = {isa = PBXFileReference; lastKnownFileType = image.png; path = Manchester_United_FC.png; sourceTree = "<group>"; };
		018B5F461DE868DF008D299D /* Middlesbrough_FC_crest.png */ = {isa = PBXFileReference; lastKnownFileType = image.png; path = Middlesbrough_FC_crest.png; sourceTree = "<group>"; };
		018B5F471DE868DF008D299D /* Stoke_City.png */ = {isa = PBXFileReference; lastKnownFileType = image.png; path = Stoke_City.png; sourceTree = "<group>"; };
		018B5F481DE868DF008D299D /* Swansea_City_Logo.png */ = {isa = PBXFileReference; lastKnownFileType = image.png; path = Swansea_City_Logo.png; sourceTree = "<group>"; };
		018B5F491DE868DF008D299D /* Tottenham_Hotspur.png */ = {isa = PBXFileReference; lastKnownFileType = image.png; path = Tottenham_Hotspur.png; sourceTree = "<group>"; };
		018B5F4A1DE868DF008D299D /* Watford.png */ = {isa = PBXFileReference; lastKnownFileType = image.png; path = Watford.png; sourceTree = "<group>"; };
		018B5F4B1DE868DF008D299D /* West_Bromwich_Albion.png */ = {isa = PBXFileReference; lastKnownFileType = image.png; path = West_Bromwich_Albion.png; sourceTree = "<group>"; };
		018B5F4C1DE868DF008D299D /* West_Ham_United_FC.png */ = {isa = PBXFileReference; lastKnownFileType = image.png; path = West_Ham_United_FC.png; sourceTree = "<group>"; };
		019C0D431DD1A43500977408 /* clubDetailVc.h */ = {isa = PBXFileReference; fileEncoding = 4; lastKnownFileType = sourcecode.c.h; path = clubDetailVc.h; sourceTree = "<group>"; };
		019C0D441DD1A43500977408 /* clubDetailVc.m */ = {isa = PBXFileReference; fileEncoding = 4; lastKnownFileType = sourcecode.c.objc; path = clubDetailVc.m; sourceTree = "<group>"; };
		019C5B261DDDDC2600559F44 /* UIView+YALConstraints.h */ = {isa = PBXFileReference; fileEncoding = 4; lastKnownFileType = sourcecode.c.h; path = "UIView+YALConstraints.h"; sourceTree = "<group>"; };
		019C5B271DDDDC2600559F44 /* UIView+YALConstraints.m */ = {isa = PBXFileReference; fileEncoding = 4; lastKnownFileType = sourcecode.c.objc; path = "UIView+YALConstraints.m"; sourceTree = "<group>"; };
		019C5B281DDDDC2600559F44 /* YALContextMenuCell.h */ = {isa = PBXFileReference; fileEncoding = 4; lastKnownFileType = sourcecode.c.h; path = YALContextMenuCell.h; sourceTree = "<group>"; };
		019C5B291DDDDC2600559F44 /* YALContextMenuTableView.h */ = {isa = PBXFileReference; fileEncoding = 4; lastKnownFileType = sourcecode.c.h; path = YALContextMenuTableView.h; sourceTree = "<group>"; };
		019C5B2A1DDDDC2600559F44 /* YALContextMenuTableView.m */ = {isa = PBXFileReference; fileEncoding = 4; lastKnownFileType = sourcecode.c.objc; path = YALContextMenuTableView.m; sourceTree = "<group>"; };
		019C5B2E1DDDDC4000559F44 /* ContextMenuCell.h */ = {isa = PBXFileReference; fileEncoding = 4; lastKnownFileType = sourcecode.c.h; path = ContextMenuCell.h; sourceTree = "<group>"; };
		019C5B2F1DDDDC4000559F44 /* ContextMenuCell.m */ = {isa = PBXFileReference; fileEncoding = 4; lastKnownFileType = sourcecode.c.objc; path = ContextMenuCell.m; sourceTree = "<group>"; };
		019C5B301DDDDC4000559F44 /* ContextMenuCell.xib */ = {isa = PBXFileReference; fileEncoding = 4; lastKnownFileType = file.xib; path = ContextMenuCell.xib; sourceTree = "<group>"; };
		019C5B331DDDE63400559F44 /* Imagess.xcassets */ = {isa = PBXFileReference; lastKnownFileType = folder.assetcatalog; path = Imagess.xcassets; sourceTree = "<group>"; };
		01C6007C1DD0637F00FA6CAA /* PremierLeagueCell.h */ = {isa = PBXFileReference; fileEncoding = 4; lastKnownFileType = sourcecode.c.h; path = PremierLeagueCell.h; sourceTree = "<group>"; };
		01C6007D1DD0637F00FA6CAA /* PremierLeagueCell.m */ = {isa = PBXFileReference; fileEncoding = 4; lastKnownFileType = sourcecode.c.objc; path = PremierLeagueCell.m; sourceTree = "<group>"; };
		01FB84E41DEF08EA005EAEB4 /* transfers.png */ = {isa = PBXFileReference; lastKnownFileType = image.png; path = transfers.png; sourceTree = "<group>"; };
		01FB84E61DEF0B06005EAEB4 /* news.png */ = {isa = PBXFileReference; lastKnownFileType = image.png; path = news.png; sourceTree = "<group>"; };
		01FB84E81DEF1A5C005EAEB4 /* TransferNewsVc.h */ = {isa = PBXFileReference; fileEncoding = 4; lastKnownFileType = sourcecode.c.h; path = TransferNewsVc.h; sourceTree = "<group>"; };
		01FB84E91DEF1A5C005EAEB4 /* TransferNewsVc.m */ = {isa = PBXFileReference; fileEncoding = 4; lastKnownFileType = sourcecode.c.objc; path = TransferNewsVc.m; sourceTree = "<group>"; };
		48490C7EE8BBEA8B773BA41D /* Pods-FootyMania.debug.xcconfig */ = {isa = PBXFileReference; includeInIndex = 1; lastKnownFileType = text.xcconfig; name = "Pods-FootyMania.debug.xcconfig"; path = "Pods/Target Support Files/Pods-FootyMania/Pods-FootyMania.debug.xcconfig"; sourceTree = "<group>"; };
		597E67922D68D510B627DCEA /* libPods-FootyMania.a */ = {isa = PBXFileReference; explicitFileType = archive.ar; includeInIndex = 0; path = "libPods-FootyMania.a"; sourceTree = BUILT_PRODUCTS_DIR; };
		E1021B24E31C45FBCB118A66 /* Pods-FootyMania.release.xcconfig */ = {isa = PBXFileReference; includeInIndex = 1; lastKnownFileType = text.xcconfig; name = "Pods-FootyMania.release.xcconfig"; path = "Pods/Target Support Files/Pods-FootyMania/Pods-FootyMania.release.xcconfig"; sourceTree = "<group>"; };
/* End PBXFileReference section */

/* Begin PBXFrameworksBuildPhase section */
		017BCF651DCCA37700069732 /* Frameworks */ = {
			isa = PBXFrameworksBuildPhase;
			buildActionMask = 2147483647;
			files = (
				018B5F141DE8631D008D299D /* UIKit.framework in Frameworks */,
				018B5F121DE86313008D299D /* libxml2.2.tbd in Frameworks */,
				018B5F0E1DE862FB008D299D /* CoreGraphics.framework in Frameworks */,
				018B5F0F1DE862FB008D299D /* CoreImage.framework in Frameworks */,
				018B5F101DE862FB008D299D /* CoreText.framework in Frameworks */,
				0178FA311DDF080900A57176 /* QuartzCore.framework in Frameworks */,
				1C5963A531A162620FA5D069 /* libPods-FootyMania.a in Frameworks */,
			);
			runOnlyForDeploymentPostprocessing = 0;
		};
/* End PBXFrameworksBuildPhase section */

/* Begin PBXGroup section */
		013DA8C11DEC43F100AC9976 /* LaLiga */ = {
			isa = PBXGroup;
			children = (
				013DA8C21DEC43F100AC9976 /* 180px-Club_Deportivo_Leganés.png */,
				013DA8C31DEC43F100AC9976 /* Athletic_Club_Bilbao.png */,
				013DA8C41DEC43F100AC9976 /* Atletico_Madrid_logo.png */,
				013DA8C51DEC43F100AC9976 /* Atletico_Osasuna.png */,
				013DA8C61DEC43F100AC9976 /* Celta_Vigo.png */,
				013DA8C71DEC43F100AC9976 /* Deportivo_Alaves_logo.png */,
				013DA8C81DEC43F100AC9976 /* Fc_barcelona.png */,
				013DA8C91DEC43F100AC9976 /* FC_Málaga.png */,
				013DA8CA1DEC43F100AC9976 /* FC_Valencia.png */,
				013DA8CB1DEC43F100AC9976 /* Granada_CF.png */,
				013DA8CC1DEC43F100AC9976 /* RC_Deportivo_La_Coruña_logo.png */,
				013DA8CD1DEC43F100AC9976 /* RCD_Espanyol_De_Barcelona.png */,
				013DA8CE1DEC43F100AC9976 /* Real_Betis.png */,
				013DA8CF1DEC43F100AC9976 /* Real_Madrid_Logo.png */,
				013DA8D01DEC43F100AC9976 /* Real_Sociedad_San_Sebastián.png */,
				013DA8D11DEC43F100AC9976 /* Real_Sporting_de_Gijon.png */,
				013DA8D21DEC43F100AC9976 /* SD_Eibar_logo.png */,
				013DA8D31DEC43F100AC9976 /* Sevilla_cf_200px.png */,
				013DA8D41DEC43F100AC9976 /* UD_Las_Palmas_logo.png */,
				013DA8D51DEC43F100AC9976 /* Villarreal_CF_logo.png */,
			);
			path = LaLiga;
			sourceTree = "<group>";
		};
		013DA8EC1DEC605E00AC9976 /* Bundes */ = {
			isa = PBXGroup;
			children = (
				013DA8ED1DEC605E00AC9976 /* 1024px-FC_Schalke_04_Logo.png */,
				013DA8EE1DEC605E00AC9976 /* Bayer_04_Leverkusen_Logo.png */,
				013DA8EF1DEC605E00AC9976 /* Borussia_Dortmund_logo.png */,
				013DA8F01DEC605E00AC9976 /* Borussia_Mönchengladbach_logo.png */,
				013DA8F11DEC605E00AC9976 /* Eintracht_Frankfurt_Logo.png */,
				013DA8F21DEC605E00AC9976 /* FC-Ingolstadt_logo.png */,
				013DA8F31DEC605E00AC9976 /* Fc_cologne.png */,
				013DA8F41DEC605E00AC9976 /* FSV_Mainz_05_Logo.png */,
				013DA8F51DEC605E00AC9976 /* Hertha_BSC_Logo_2012.svg.png */,
				013DA8F61DEC605E00AC9976 /* HSV-Logo.png */,
				013DA8F71DEC605E00AC9976 /* Logo-VfL-Wolfsburg.png */,
				013DA8F81DEC605E00AC9976 /* Logo_FC_Augsburg.png */,
				013DA8F91DEC605E00AC9976 /* Logo_FC_Bayern_München.png */,
				013DA8FA1DEC605E00AC9976 /* Logo_TSG_Hoffenheim.svg.png */,
				013DA8FB1DEC605E00AC9976 /* RB_Leipzig_2010_logo.png */,
				013DA8FC1DEC605E00AC9976 /* SC-Freiburg_Logo-neu.png */,
				013DA8FD1DEC605E00AC9976 /* SV-Werder-Bremen-Logo.png */,
				013DA8FE1DEC605E00AC9976 /* Svdarmstadt98.png */,
			);
			path = Bundes;
			sourceTree = "<group>";
		};
		013DA9111DEC6C5900AC9976 /* ligue1 */ = {
			isa = PBXGroup;
			children = (
				013DA9121DEC6C5900AC9976 /* 49e40e3bf70620d0378105bde37e7df5.png */,
				013DA9131DEC6C5900AC9976 /* AS_Monaco.png */,
				013DA9141DEC6C5900AC9976 /* AS_Nancy_Logo.png */,
				013DA9151DEC6C5900AC9976 /* AS_Saint-Etienne_(aktuell).png */,
				013DA9161DEC6C5900AC9976 /* EA_Guingamp_Logo.png */,
				013DA9171DEC6C5900AC9976 /* FC_Lorient_neu.png */,
				013DA9181DEC6C5900AC9976 /* FC_Metz_Logo.png */,
				013DA9191DEC6C5900AC9976 /* FC_Nantes_(seit_2008).png */,
				013DA91A1DEC6C5900AC9976 /* FC_Toulouse_Logo.png */,
				013DA91B1DEC6C5900AC9976 /* FCO_Dijon.png */,
				013DA91C1DEC6C5900AC9976 /* Girondins_Bordeaux_Logo.png */,
				013DA91D1DEC6C5900AC9976 /* HSC_Montpellier_Logo.png */,
				013DA91E1DEC6C5900AC9976 /* Logo OGC Nice.png */,
				013DA91F1DEC6C5900AC9976 /* LogoSmc2013.png */,
				013DA9201DEC6C5900AC9976 /* LOSC_Lille_Crest_2012.png */,
				013DA9211DEC6C5900AC9976 /* Olympique_Lyon.png */,
				013DA9221DEC6C5900AC9976 /* Olympique_Marseille_Logo.png */,
				013DA9231DEC6C5900AC9976 /* SC_Bastia.png */,
				013DA9241DEC6C5900AC9976 /* SCO_Angers.png */,
				013DA9251DEC6C5900AC9976 /* Stade_Rennais_Football_Club.png */,
			);
			path = ligue1;
			sourceTree = "<group>";
		};
		0145C8FC1DF9451500C1ADF4 /* Resource */ = {
			isa = PBXGroup;
			children = (
				0145C8FD1DF9451500C1ADF4 /* Assets.xcassets */,
				0145C8FE1DF9451500C1ADF4 /* LaunchScreen.storyboard */,
				0145C8FF1DF9451500C1ADF4 /* Main.storyboard */,
			);
			path = Resource;
			sourceTree = "<group>";
		};
		017510CF1DD32F56000B3793 /* HVTableView */ = {
			isa = PBXGroup;
			children = (
				017510DA1DD32F56000B3793 /* InfoPlist.strings */,
				017510DC1DD32F56000B3793 /* ExampleAppDelegate.h */,
				017510DD1DD32F56000B3793 /* ExampleAppDelegate.m */,
				017510DE1DD32F56000B3793 /* ExampleTableViewCell.h */,
				017510DF1DD32F56000B3793 /* ExampleTableViewCell.m */,
				017510E01DD32F56000B3793 /* ExampleViewController.h */,
				017510E11DD32F56000B3793 /* ExampleViewController.m */,
				017510E21DD32F56000B3793 /* expandGlyph.png */,
				017510E41DD32F56000B3793 /* HVTableView-Prefix.pch */,
				017510E51DD32F56000B3793 /* HVTableView.h */,
				017510E61DD32F56000B3793 /* HVTableView.m */,
				017510EA1DD32F56000B3793 /* up-arrow-2.png */,
				017510EB1DD32F56000B3793 /* up-arrow-3.png */,
				017510EC1DD32F56000B3793 /* up-arrow-4.png */,
				017510ED1DD32F56000B3793 /* up-arrow.png */,
			);
			path = HVTableView;
			sourceTree = "<group>";
		};
		017BCF5F1DCCA37700069732 = {
			isa = PBXGroup;
			children = (
				013DA8EA1DEC441700AC9976 /* crestImages.plist */,
				0145C8FC1DF9451500C1ADF4 /* Resource */,
				019C5B251DDDDC2600559F44 /* YALContextMenu */,
				017510CF1DD32F56000B3793 /* HVTableView */,
				01C6007B1DD062F100FA6CAA /* Cell */,
				017BCFA01DCCC36300069732 /* Controllers */,
				017BCF931DCCA40800069732 /* MenuPop */,
				017BCF841DCCA3F700069732 /* images */,
				017BCF6A1DCCA37700069732 /* FootyMania */,
				017BCF691DCCA37700069732 /* Products */,
				443EB3880E470385C9D4468B /* Pods */,
				15AAAD39F860A00E3CDA32FE /* Frameworks */,
			);
			sourceTree = "<group>";
		};
		017BCF691DCCA37700069732 /* Products */ = {
			isa = PBXGroup;
			children = (
				017BCF681DCCA37700069732 /* FootyMania.app */,
			);
			name = Products;
			sourceTree = "<group>";
		};
		017BCF6A1DCCA37700069732 /* FootyMania */ = {
			isa = PBXGroup;
			children = (
				017BCF6E1DCCA37800069732 /* AppDelegate.h */,
				017BCF6F1DCCA37800069732 /* AppDelegate.m */,
				017BCF711DCCA37800069732 /* ViewController.h */,
				017BCF721DCCA37800069732 /* ViewController.m */,
				017BCFA41DCCC4E100069732 /* ShowMenuVc.h */,
				017BCFA51DCCC4E100069732 /* ShowMenuVc.m */,
				017BCF7C1DCCA37800069732 /* Info.plist */,
				017BCF6B1DCCA37700069732 /* Supporting Files */,
			);
			path = FootyMania;
			sourceTree = "<group>";
		};
		017BCF6B1DCCA37700069732 /* Supporting Files */ = {
			isa = PBXGroup;
			children = (
				017BCF6C1DCCA37700069732 /* main.m */,
			);
			name = "Supporting Files";
			sourceTree = "<group>";
		};
		017BCF841DCCA3F700069732 /* images */ = {
			isa = PBXGroup;
			children = (
				013DA9111DEC6C5900AC9976 /* ligue1 */,
				013DA8EC1DEC605E00AC9976 /* Bundes */,
				013DA8C11DEC43F100AC9976 /* LaLiga */,
				018B5F381DE868DF008D299D /* PL */,
				018B5F151DE868A9008D299D /* Utilities */,
			);
			path = images;
			sourceTree = "<group>";
		};
		017BCF931DCCA40800069732 /* MenuPop */ = {
			isa = PBXGroup;
			children = (
				017BCF941DCCA40800069732 /* GlowImageView.h */,
				017BCF951DCCA40800069732 /* GlowImageView.m */,
				017BCF961DCCA40800069732 /* MenuButton.h */,
				017BCF971DCCA40800069732 /* MenuButton.m */,
				017BCF981DCCA40800069732 /* MenuItem.h */,
				017BCF991DCCA40800069732 /* MenuItem.m */,
				017BCF9A1DCCA40800069732 /* PopMenu.h */,
				017BCF9B1DCCA40800069732 /* PopMenu.m */,
			);
			path = MenuPop;
			sourceTree = "<group>";
		};
		017BCFA01DCCC36300069732 /* Controllers */ = {
			isa = PBXGroup;
			children = (
				017BCFA11DCCC39700069732 /* PremierLeagueVc.h */,
				017BCFA21DCCC39700069732 /* PremierLeagueVc.m */,
				016E12701DE5BF45005B1AFB /* CompetitionsVc.h */,
				016E12711DE5BF45005B1AFB /* CompetitionsVc.m */,
				019C0D431DD1A43500977408 /* clubDetailVc.h */,
				019C0D441DD1A43500977408 /* clubDetailVc.m */,
				01781F611DD5F09400431949 /* NewsFeedsVc.h */,
				01781F621DD5F09400431949 /* NewsFeedsVc.m */,
				0132A2BC1DD60CA8003DA57B /* NewsDetailVc.h */,
				0132A2BD1DD60CA8003DA57B /* NewsDetailVc.m */,
				01FB84E81DEF1A5C005EAEB4 /* TransferNewsVc.h */,
				01FB84E91DEF1A5C005EAEB4 /* TransferNewsVc.m */,
			);
			path = Controllers;
			sourceTree = "<group>";
		};
		018B5F151DE868A9008D299D /* Utilities */ = {
			isa = PBXGroup;
			children = (
				018B5F161DE868A9008D299D /* 11.jpg */,
				018B5F171DE868A9008D299D /* 22.jpg */,
				018B5F181DE868A9008D299D /* 33.jpg */,
				018B5F191DE868A9008D299D /* 44.jpg */,
				018B5F1A1DE868A9008D299D /* 55.jpg */,
				018B5F1B1DE868A9008D299D /* 66.jpg */,
				018B5F1C1DE868A9008D299D /* 77.jpg */,
				018B5F1D1DE868A9008D299D /* Ball.png */,
				018B5F1E1DE868A9008D299D /* Ball2.png */,
				018B5F1F1DE868A9008D299D /* Ball3.png */,
				018B5F201DE868A9008D299D /* Ball4.png */,
				018B5F211DE868A9008D299D /* Ball5.png */,
				018B5F221DE868A9008D299D /* Close.png */,
				018B5F231DE868A9008D299D /* Fixtures.png */,
				018B5F241DE868A9008D299D /* football-player.png */,
				018B5F251DE868A9008D299D /* menu.png */,
				01FB84E61DEF0B06005EAEB4 /* news.png */,
				013DA93A1DEC770B00AC9976 /* loading.png */,
				01FB84E41DEF08EA005EAEB4 /* transfers.png */,
				018844861E07C34D0008D8AC /* close1.png */,
			);
			path = Utilities;
			sourceTree = "<group>";
		};
		018B5F381DE868DF008D299D /* PL */ = {
			isa = PBXGroup;
			children = (
				018B5F391DE868DF008D299D /* Afc_bournemouth.png */,
				018B5F3A1DE868DF008D299D /* AFC_Sunderland.png */,
				018B5F3B1DE868DF008D299D /* Arsenal_FC.png */,
				018B5F3C1DE868DF008D299D /* Burnley_FC_badge.png */,
				018B5F3D1DE868DF008D299D /* Chelsea_crest.png */,
				018B5F3E1DE868DF008D299D /* Crystal_Palace_F.C._logo_(2013).png */,
				018B5F3F1DE868DF008D299D /* Everton_FC.png */,
				018B5F401DE868DF008D299D /* FC_Liverpool.png */,
				018B5F411DE868DF008D299D /* FC_Southampton.png */,
				018B5F421DE868DF008D299D /* Hull_City_AFC.png */,
				018B5F431DE868DF008D299D /* Leicester02.png */,
				018B5F441DE868DF008D299D /* Manchester_City_FC_badge.png */,
				018B5F451DE868DF008D299D /* Manchester_United_FC.png */,
				018B5F461DE868DF008D299D /* Middlesbrough_FC_crest.png */,
				018B5F471DE868DF008D299D /* Stoke_City.png */,
				018B5F481DE868DF008D299D /* Swansea_City_Logo.png */,
				018B5F491DE868DF008D299D /* Tottenham_Hotspur.png */,
				018B5F4A1DE868DF008D299D /* Watford.png */,
				018B5F4B1DE868DF008D299D /* West_Bromwich_Albion.png */,
				018B5F4C1DE868DF008D299D /* West_Ham_United_FC.png */,
			);
			path = PL;
			sourceTree = "<group>";
		};
		019C5B251DDDDC2600559F44 /* YALContextMenu */ = {
			isa = PBXGroup;
			children = (
				019C5B2D1DDDDC4000559F44 /* ContextMenuCell */,
				019C5B261DDDDC2600559F44 /* UIView+YALConstraints.h */,
				019C5B271DDDDC2600559F44 /* UIView+YALConstraints.m */,
				019C5B281DDDDC2600559F44 /* YALContextMenuCell.h */,
				019C5B291DDDDC2600559F44 /* YALContextMenuTableView.h */,
				019C5B2A1DDDDC2600559F44 /* YALContextMenuTableView.m */,
				019C5B331DDDE63400559F44 /* Imagess.xcassets */,
			);
			path = YALContextMenu;
			sourceTree = "<group>";
		};
		019C5B2D1DDDDC4000559F44 /* ContextMenuCell */ = {
			isa = PBXGroup;
			children = (
				019C5B2E1DDDDC4000559F44 /* ContextMenuCell.h */,
				019C5B2F1DDDDC4000559F44 /* ContextMenuCell.m */,
				019C5B301DDDDC4000559F44 /* ContextMenuCell.xib */,
			);
			path = ContextMenuCell;
			sourceTree = "<group>";
		};
		01C6007B1DD062F100FA6CAA /* Cell */ = {
			isa = PBXGroup;
			children = (
				01C6007C1DD0637F00FA6CAA /* PremierLeagueCell.h */,
				01C6007D1DD0637F00FA6CAA /* PremierLeagueCell.m */,
				01781F541DD5D1CB00431949 /* RssTableCell.h */,
				01781F551DD5D1CB00431949 /* RssTableCell.m */,
				013F186A1DFFCFF900C8BCC3 /* TransferTableCell.h */,
				013F186B1DFFCFF900C8BCC3 /* TransferTableCell.m */,
			);
			path = Cell;
			sourceTree = "<group>";
		};
		15AAAD39F860A00E3CDA32FE /* Frameworks */ = {
			isa = PBXGroup;
			children = (
				018B5F131DE8631D008D299D /* UIKit.framework */,
				018B5F111DE86313008D299D /* libxml2.2.tbd */,
				018B5F0B1DE862FB008D299D /* CoreGraphics.framework */,
				018B5F0C1DE862FB008D299D /* CoreImage.framework */,
				018B5F0D1DE862FB008D299D /* CoreText.framework */,
				0178FA301DDF080900A57176 /* QuartzCore.framework */,
				597E67922D68D510B627DCEA /* libPods-FootyMania.a */,
			);
			name = Frameworks;
			sourceTree = "<group>";
		};
		443EB3880E470385C9D4468B /* Pods */ = {
			isa = PBXGroup;
			children = (
				48490C7EE8BBEA8B773BA41D /* Pods-FootyMania.debug.xcconfig */,
				E1021B24E31C45FBCB118A66 /* Pods-FootyMania.release.xcconfig */,
			);
			name = Pods;
			sourceTree = "<group>";
		};
/* End PBXGroup section */

/* Begin PBXNativeTarget section */
		017BCF671DCCA37700069732 /* FootyMania */ = {
			isa = PBXNativeTarget;
			buildConfigurationList = 017BCF7F1DCCA37800069732 /* Build configuration list for PBXNativeTarget "FootyMania" */;
			buildPhases = (
				2239DE53EA63285BBDE24AEF /* [CP] Check Pods Manifest.lock */,
				017BCF641DCCA37700069732 /* Sources */,
				017BCF651DCCA37700069732 /* Frameworks */,
				017BCF661DCCA37700069732 /* Resources */,
				A0D71C528A8F7B30D83DB3A7 /* [CP] Embed Pods Frameworks */,
				2B9FF7266C8C5226E6D1AA1A /* [CP] Copy Pods Resources */,
			);
			buildRules = (
			);
			dependencies = (
			);
			name = FootyMania;
			productName = FootyMania;
			productReference = 017BCF681DCCA37700069732 /* FootyMania.app */;
			productType = "com.apple.product-type.application";
		};
/* End PBXNativeTarget section */

/* Begin PBXProject section */
		017BCF601DCCA37700069732 /* Project object */ = {
			isa = PBXProject;
			attributes = {
				LastUpgradeCheck = 0800;
				ORGANIZATIONNAME = BICS;
				TargetAttributes = {
					017BCF671DCCA37700069732 = {
						CreatedOnToolsVersion = 8.0;
						ProvisioningStyle = Automatic;
					};
				};
			};
			buildConfigurationList = 017BCF631DCCA37700069732 /* Build configuration list for PBXProject "FootyMania" */;
			compatibilityVersion = "Xcode 3.2";
			developmentRegion = English;
			hasScannedForEncodings = 0;
			knownRegions = (
				en,
				Base,
			);
			mainGroup = 017BCF5F1DCCA37700069732;
			productRefGroup = 017BCF691DCCA37700069732 /* Products */;
			projectDirPath = "";
			projectRoot = "";
			targets = (
				017BCF671DCCA37700069732 /* FootyMania */,
			);
		};
/* End PBXProject section */

/* Begin PBXResourcesBuildPhase section */
		017BCF661DCCA37700069732 /* Resources */ = {
			isa = PBXResourcesBuildPhase;
			buildActionMask = 2147483647;
			files = (
				017510F81DD32F56000B3793 /* InfoPlist.strings in Resources */,
				013DA92C1DEC6C5900AC9976 /* FC_Metz_Logo.png in Resources */,
				013DA9301DEC6C5900AC9976 /* Girondins_Bordeaux_Logo.png in Resources */,
				013DA8DF1DEC43F100AC9976 /* Granada_CF.png in Resources */,
				018B5F561DE868DF008D299D /* Hull_City_AFC.png in Resources */,
				013DA9381DEC6C5900AC9976 /* SCO_Angers.png in Resources */,
				013DA8E31DEC43F100AC9976 /* Real_Madrid_Logo.png in Resources */,
				013DA9061DEC605E00AC9976 /* FSV_Mainz_05_Logo.png in Resources */,
				013DA8E51DEC43F100AC9976 /* Real_Sporting_de_Gijon.png in Resources */,
				017511041DD32F56000B3793 /* up-arrow-4.png in Resources */,
				013DA9091DEC605E00AC9976 /* Logo-VfL-Wolfsburg.png in Resources */,
				018B5F521DE868DF008D299D /* Crystal_Palace_F.C._logo_(2013).png in Resources */,
				013DA8E81DEC43F100AC9976 /* UD_Las_Palmas_logo.png in Resources */,
				013DA9281DEC6C5900AC9976 /* AS_Nancy_Logo.png in Resources */,
				013DA8FF1DEC605E00AC9976 /* 1024px-FC_Schalke_04_Logo.png in Resources */,
				018B5F311DE868A9008D299D /* Ball4.png in Resources */,
				017511021DD32F56000B3793 /* up-arrow-2.png in Resources */,
				018B5F2A1DE868A9008D299D /* 44.jpg in Resources */,
				018B5F361DE868A9008D299D /* menu.png in Resources */,
				013DA8E71DEC43F100AC9976 /* Sevilla_cf_200px.png in Resources */,
				013DA9341DEC6C5900AC9976 /* LOSC_Lille_Crest_2012.png in Resources */,
				018B5F591DE868DF008D299D /* Manchester_United_FC.png in Resources */,
				013DA9051DEC605E00AC9976 /* Fc_cologne.png in Resources */,
				0145C9001DF9451500C1ADF4 /* Assets.xcassets in Resources */,
				013DA8E01DEC43F100AC9976 /* RC_Deportivo_La_Coruña_logo.png in Resources */,
				013DA9031DEC605E00AC9976 /* Eintracht_Frankfurt_Logo.png in Resources */,
				013DA92D1DEC6C5900AC9976 /* FC_Nantes_(seit_2008).png in Resources */,
				013DA9311DEC6C5900AC9976 /* HSC_Montpellier_Logo.png in Resources */,
				013DA9011DEC605E00AC9976 /* Borussia_Dortmund_logo.png in Resources */,
				013DA9271DEC6C5900AC9976 /* AS_Monaco.png in Resources */,
				01FB84E71DEF0B06005EAEB4 /* news.png in Resources */,
				018B5F271DE868A9008D299D /* 11.jpg in Resources */,
				013DA9001DEC605E00AC9976 /* Bayer_04_Leverkusen_Logo.png in Resources */,
				013DA8E11DEC43F100AC9976 /* RCD_Espanyol_De_Barcelona.png in Resources */,
				013DA9071DEC605E00AC9976 /* Hertha_BSC_Logo_2012.svg.png in Resources */,
				013DA9391DEC6C5900AC9976 /* Stade_Rennais_Football_Club.png in Resources */,
				013DA9361DEC6C5900AC9976 /* Olympique_Marseille_Logo.png in Resources */,
				018B5F351DE868A9008D299D /* football-player.png in Resources */,
				013DA8DC1DEC43F100AC9976 /* Fc_barcelona.png in Resources */,
				018B5F511DE868DF008D299D /* Chelsea_crest.png in Resources */,
				01FB84E51DEF08EA005EAEB4 /* transfers.png in Resources */,
				013DA8E41DEC43F100AC9976 /* Real_Sociedad_San_Sebastián.png in Resources */,
				013DA90A1DEC605E00AC9976 /* Logo_FC_Augsburg.png in Resources */,
				013DA92F1DEC6C5900AC9976 /* FCO_Dijon.png in Resources */,
				013DA9331DEC6C5900AC9976 /* LogoSmc2013.png in Resources */,
				018B5F341DE868A9008D299D /* Fixtures.png in Resources */,
				013DA9371DEC6C5900AC9976 /* SC_Bastia.png in Resources */,
				013DA9021DEC605E00AC9976 /* Borussia_Mönchengladbach_logo.png in Resources */,
				017511051DD32F56000B3793 /* up-arrow.png in Resources */,
				013DA90B1DEC605E00AC9976 /* Logo_FC_Bayern_München.png in Resources */,
				013DA8E61DEC43F100AC9976 /* SD_Eibar_logo.png in Resources */,
				018B5F2B1DE868A9008D299D /* 55.jpg in Resources */,
				018B5F2C1DE868A9008D299D /* 66.jpg in Resources */,
				013DA8DE1DEC43F100AC9976 /* FC_Valencia.png in Resources */,
				013DA8D81DEC43F100AC9976 /* Atletico_Madrid_logo.png in Resources */,
				018B5F331DE868A9008D299D /* Close.png in Resources */,
				018B5F321DE868A9008D299D /* Ball5.png in Resources */,
				013DA8D71DEC43F100AC9976 /* Athletic_Club_Bilbao.png in Resources */,
				018B5F601DE868DF008D299D /* West_Ham_United_FC.png in Resources */,
				013DA90F1DEC605E00AC9976 /* SV-Werder-Bremen-Logo.png in Resources */,
				018B5F5F1DE868DF008D299D /* West_Bromwich_Albion.png in Resources */,
				013DA92B1DEC6C5900AC9976 /* FC_Lorient_neu.png in Resources */,
				013DA8E91DEC43F100AC9976 /* Villarreal_CF_logo.png in Resources */,
				019C5B341DDDE63400559F44 /* Imagess.xcassets in Resources */,
				018B5F581DE868DF008D299D /* Manchester_City_FC_badge.png in Resources */,
				013DA9081DEC605E00AC9976 /* HSV-Logo.png in Resources */,
				018B5F5D1DE868DF008D299D /* Tottenham_Hotspur.png in Resources */,
				017510FC1DD32F56000B3793 /* expandGlyph.png in Resources */,
				018844871E07C34D0008D8AC /* close1.png in Resources */,
				013DA9321DEC6C5900AC9976 /* Logo OGC Nice.png in Resources */,
				013DA90D1DEC605E00AC9976 /* RB_Leipzig_2010_logo.png in Resources */,
				013DA9291DEC6C5900AC9976 /* AS_Saint-Etienne_(aktuell).png in Resources */,
				013DA8DD1DEC43F100AC9976 /* FC_Málaga.png in Resources */,
				013DA9101DEC605E00AC9976 /* Svdarmstadt98.png in Resources */,
				013DA93B1DEC770B00AC9976 /* loading.png in Resources */,
				018B5F291DE868A9008D299D /* 33.jpg in Resources */,
				013DA8D91DEC43F100AC9976 /* Atletico_Osasuna.png in Resources */,
				018B5F541DE868DF008D299D /* FC_Liverpool.png in Resources */,
				013DA90E1DEC605E00AC9976 /* SC-Freiburg_Logo-neu.png in Resources */,
				013DA8DB1DEC43F100AC9976 /* Deportivo_Alaves_logo.png in Resources */,
				013DA92A1DEC6C5900AC9976 /* EA_Guingamp_Logo.png in Resources */,
				013DA9351DEC6C5900AC9976 /* Olympique_Lyon.png in Resources */,
				013DA9041DEC605E00AC9976 /* FC-Ingolstadt_logo.png in Resources */,
				018B5F2F1DE868A9008D299D /* Ball2.png in Resources */,
				018B5F281DE868A9008D299D /* 22.jpg in Resources */,
				018B5F4E1DE868DF008D299D /* AFC_Sunderland.png in Resources */,
				018B5F2E1DE868A9008D299D /* Ball.png in Resources */,
				013DA8DA1DEC43F100AC9976 /* Celta_Vigo.png in Resources */,
				018B5F5E1DE868DF008D299D /* Watford.png in Resources */,
				013DA8D61DEC43F100AC9976 /* 180px-Club_Deportivo_Leganés.png in Resources */,
				0145C9021DF9451500C1ADF4 /* Main.storyboard in Resources */,
				013DA8E21DEC43F100AC9976 /* Real_Betis.png in Resources */,
				018B5F571DE868DF008D299D /* Leicester02.png in Resources */,
				013DA9261DEC6C5900AC9976 /* 49e40e3bf70620d0378105bde37e7df5.png in Resources */,
				013DA8EB1DEC441700AC9976 /* crestImages.plist in Resources */,
				018B5F2D1DE868A9008D299D /* 77.jpg in Resources */,
				019C5B321DDDDC4000559F44 /* ContextMenuCell.xib in Resources */,
				017511031DD32F56000B3793 /* up-arrow-3.png in Resources */,
				018B5F501DE868DF008D299D /* Burnley_FC_badge.png in Resources */,
				018B5F551DE868DF008D299D /* FC_Southampton.png in Resources */,
				018B5F531DE868DF008D299D /* Everton_FC.png in Resources */,
				013DA90C1DEC605E00AC9976 /* Logo_TSG_Hoffenheim.svg.png in Resources */,
				018B5F301DE868A9008D299D /* Ball3.png in Resources */,
				018B5F5A1DE868DF008D299D /* Middlesbrough_FC_crest.png in Resources */,
				0145C9011DF9451500C1ADF4 /* LaunchScreen.storyboard in Resources */,
				018B5F4D1DE868DF008D299D /* Afc_bournemouth.png in Resources */,
				018B5F5C1DE868DF008D299D /* Swansea_City_Logo.png in Resources */,
				018B5F4F1DE868DF008D299D /* Arsenal_FC.png in Resources */,
				018B5F5B1DE868DF008D299D /* Stoke_City.png in Resources */,
				013DA92E1DEC6C5900AC9976 /* FC_Toulouse_Logo.png in Resources */,
			);
			runOnlyForDeploymentPostprocessing = 0;
		};
/* End PBXResourcesBuildPhase section */

/* Begin PBXShellScriptBuildPhase section */
		2239DE53EA63285BBDE24AEF /* [CP] Check Pods Manifest.lock */ = {
			isa = PBXShellScriptBuildPhase;
			buildActionMask = 2147483647;
			files = (
			);
			inputPaths = (
			);
			name = "[CP] Check Pods Manifest.lock";
			outputPaths = (
			);
			runOnlyForDeploymentPostprocessing = 0;
			shellPath = /bin/sh;
			shellScript = "diff \"${PODS_ROOT}/../Podfile.lock\" \"${PODS_ROOT}/Manifest.lock\" > /dev/null\nif [[ $? != 0 ]] ; then\n    cat << EOM\nerror: The sandbox is not in sync with the Podfile.lock. Run 'pod install' or update your CocoaPods installation.\nEOM\n    exit 1\nfi\n";
			showEnvVarsInLog = 0;
		};
		2B9FF7266C8C5226E6D1AA1A /* [CP] Copy Pods Resources */ = {
			isa = PBXShellScriptBuildPhase;
			buildActionMask = 2147483647;
			files = (
			);
			inputPaths = (
			);
			name = "[CP] Copy Pods Resources";
			outputPaths = (
			);
			runOnlyForDeploymentPostprocessing = 0;
			shellPath = /bin/sh;
			shellScript = "\"${SRCROOT}/Pods/Target Support Files/Pods-FootyMania/Pods-FootyMania-resources.sh\"\n";
			showEnvVarsInLog = 0;
		};
		A0D71C528A8F7B30D83DB3A7 /* [CP] Embed Pods Frameworks */ = {
			isa = PBXShellScriptBuildPhase;
			buildActionMask = 2147483647;
			files = (
			);
			inputPaths = (
			);
			name = "[CP] Embed Pods Frameworks";
			outputPaths = (
			);
			runOnlyForDeploymentPostprocessing = 0;
			shellPath = /bin/sh;
			shellScript = "\"${SRCROOT}/Pods/Target Support Files/Pods-FootyMania/Pods-FootyMania-frameworks.sh\"\n";
			showEnvVarsInLog = 0;
		};
/* End PBXShellScriptBuildPhase section */

/* Begin PBXSourcesBuildPhase section */
		017BCF641DCCA37700069732 /* Sources */ = {
			isa = PBXSourcesBuildPhase;
			buildActionMask = 2147483647;
			files = (
				017BCF731DCCA37800069732 /* ViewController.m in Sources */,
				017BCF9C1DCCA40800069732 /* GlowImageView.m in Sources */,
				019C5B2B1DDDDC2600559F44 /* UIView+YALConstraints.m in Sources */,
				01FB84EA1DEF1A5C005EAEB4 /* TransferNewsVc.m in Sources */,
				017BCF701DCCA37800069732 /* AppDelegate.m in Sources */,
				017510FE1DD32F56000B3793 /* HVTableView.m in Sources */,
				017510F91DD32F56000B3793 /* ExampleAppDelegate.m in Sources */,
				01781F631DD5F09400431949 /* NewsFeedsVc.m in Sources */,
				017BCF9E1DCCA40800069732 /* MenuItem.m in Sources */,
				017510FB1DD32F56000B3793 /* ExampleViewController.m in Sources */,
				0132A2BE1DD60CA8003DA57B /* NewsDetailVc.m in Sources */,
				016E12721DE5BF45005B1AFB /* CompetitionsVc.m in Sources */,
				017BCFA31DCCC39700069732 /* PremierLeagueVc.m in Sources */,
				01C6007E1DD0637F00FA6CAA /* PremierLeagueCell.m in Sources */,
				01781F561DD5D1CB00431949 /* RssTableCell.m in Sources */,
				017BCF9F1DCCA40800069732 /* PopMenu.m in Sources */,
				017BCF9D1DCCA40800069732 /* MenuButton.m in Sources */,
				019C5B2C1DDDDC2600559F44 /* YALContextMenuTableView.m in Sources */,
				017BCFA61DCCC4E100069732 /* ShowMenuVc.m in Sources */,
				013F186C1DFFCFF900C8BCC3 /* TransferTableCell.m in Sources */,
				017510FA1DD32F56000B3793 /* ExampleTableViewCell.m in Sources */,
				017BCF6D1DCCA37700069732 /* main.m in Sources */,
				019C5B311DDDDC4000559F44 /* ContextMenuCell.m in Sources */,
				019C0D451DD1A43500977408 /* clubDetailVc.m in Sources */,
			);
			runOnlyForDeploymentPostprocessing = 0;
		};
/* End PBXSourcesBuildPhase section */

/* Begin PBXVariantGroup section */
		017510DA1DD32F56000B3793 /* InfoPlist.strings */ = {
			isa = PBXVariantGroup;
			children = (
				017510DB1DD32F56000B3793 /* en */,
			);
			name = InfoPlist.strings;
			sourceTree = "<group>";
		};
/* End PBXVariantGroup section */

/* Begin XCBuildConfiguration section */
		017BCF7D1DCCA37800069732 /* Debug */ = {
			isa = XCBuildConfiguration;
			buildSettings = {
				ALWAYS_SEARCH_USER_PATHS = NO;
				CLANG_ANALYZER_NONNULL = YES;
				CLANG_CXX_LANGUAGE_STANDARD = "gnu++0x";
				CLANG_CXX_LIBRARY = "libc++";
				CLANG_ENABLE_MODULES = YES;
				CLANG_ENABLE_OBJC_ARC = YES;
				CLANG_WARN_BOOL_CONVERSION = YES;
				CLANG_WARN_CONSTANT_CONVERSION = YES;
				CLANG_WARN_DIRECT_OBJC_ISA_USAGE = YES_ERROR;
				CLANG_WARN_DOCUMENTATION_COMMENTS = YES;
				CLANG_WARN_EMPTY_BODY = YES;
				CLANG_WARN_ENUM_CONVERSION = YES;
				CLANG_WARN_INFINITE_RECURSION = YES;
				CLANG_WARN_INT_CONVERSION = YES;
				CLANG_WARN_OBJC_ROOT_CLASS = YES_ERROR;
				CLANG_WARN_SUSPICIOUS_MOVES = YES;
				CLANG_WARN_UNREACHABLE_CODE = YES;
				CLANG_WARN__DUPLICATE_METHOD_MATCH = YES;
				"CODE_SIGN_IDENTITY[sdk=iphoneos*]" = "iPhone Developer";
				COPY_PHASE_STRIP = NO;
				DEBUG_INFORMATION_FORMAT = dwarf;
				ENABLE_STRICT_OBJC_MSGSEND = YES;
				ENABLE_TESTABILITY = YES;
				GCC_C_LANGUAGE_STANDARD = gnu99;
				GCC_DYNAMIC_NO_PIC = NO;
				GCC_NO_COMMON_BLOCKS = YES;
				GCC_OPTIMIZATION_LEVEL = 0;
				GCC_PREPROCESSOR_DEFINITIONS = (
					"DEBUG=1",
					"$(inherited)",
				);
				GCC_WARN_64_TO_32_BIT_CONVERSION = YES;
				GCC_WARN_ABOUT_RETURN_TYPE = YES_ERROR;
				GCC_WARN_UNDECLARED_SELECTOR = YES;
				GCC_WARN_UNINITIALIZED_AUTOS = YES_AGGRESSIVE;
				GCC_WARN_UNUSED_FUNCTION = YES;
				GCC_WARN_UNUSED_VARIABLE = YES;
				IPHONEOS_DEPLOYMENT_TARGET = 10.0;
				MTL_ENABLE_DEBUG_INFO = YES;
				ONLY_ACTIVE_ARCH = YES;
				SDKROOT = iphoneos;
			};
			name = Debug;
		};
		017BCF7E1DCCA37800069732 /* Release */ = {
			isa = XCBuildConfiguration;
			buildSettings = {
				ALWAYS_SEARCH_USER_PATHS = NO;
				CLANG_ANALYZER_NONNULL = YES;
				CLANG_CXX_LANGUAGE_STANDARD = "gnu++0x";
				CLANG_CXX_LIBRARY = "libc++";
				CLANG_ENABLE_MODULES = YES;
				CLANG_ENABLE_OBJC_ARC = YES;
				CLANG_WARN_BOOL_CONVERSION = YES;
				CLANG_WARN_CONSTANT_CONVERSION = YES;
				CLANG_WARN_DIRECT_OBJC_ISA_USAGE = YES_ERROR;
				CLANG_WARN_DOCUMENTATION_COMMENTS = YES;
				CLANG_WARN_EMPTY_BODY = YES;
				CLANG_WARN_ENUM_CONVERSION = YES;
				CLANG_WARN_INFINITE_RECURSION = YES;
				CLANG_WARN_INT_CONVERSION = YES;
				CLANG_WARN_OBJC_ROOT_CLASS = YES_ERROR;
				CLANG_WARN_SUSPICIOUS_MOVES = YES;
				CLANG_WARN_UNREACHABLE_CODE = YES;
				CLANG_WARN__DUPLICATE_METHOD_MATCH = YES;
				"CODE_SIGN_IDENTITY[sdk=iphoneos*]" = "iPhone Developer";
				COPY_PHASE_STRIP = NO;
				DEBUG_INFORMATION_FORMAT = "dwarf-with-dsym";
				ENABLE_NS_ASSERTIONS = NO;
				ENABLE_STRICT_OBJC_MSGSEND = YES;
				GCC_C_LANGUAGE_STANDARD = gnu99;
				GCC_NO_COMMON_BLOCKS = YES;
				GCC_WARN_64_TO_32_BIT_CONVERSION = YES;
				GCC_WARN_ABOUT_RETURN_TYPE = YES_ERROR;
				GCC_WARN_UNDECLARED_SELECTOR = YES;
				GCC_WARN_UNINITIALIZED_AUTOS = YES_AGGRESSIVE;
				GCC_WARN_UNUSED_FUNCTION = YES;
				GCC_WARN_UNUSED_VARIABLE = YES;
				IPHONEOS_DEPLOYMENT_TARGET = 10.0;
				MTL_ENABLE_DEBUG_INFO = NO;
				SDKROOT = iphoneos;
				VALIDATE_PRODUCT = YES;
			};
			name = Release;
		};
		017BCF801DCCA37800069732 /* Debug */ = {
			isa = XCBuildConfiguration;
			baseConfigurationReference = 48490C7EE8BBEA8B773BA41D /* Pods-FootyMania.debug.xcconfig */;
			buildSettings = {
				ASSETCATALOG_COMPILER_APPICON_NAME = AppIcon;
				"CODE_SIGN_IDENTITY[sdk=iphoneos*]" = "iPhone Developer";
				DEVELOPMENT_TEAM = "";
				GCC_VERSION = "";
				HEADER_SEARCH_PATHS = (
					"$(SDKROOT)/usr/include/libxml2",
					"$(inherited)",
					"\"${PODS_ROOT}/Headers/Public\"",
					"\"${PODS_ROOT}/Headers/Public/HVTableView\"",
					"\"${PODS_ROOT}/Headers/Public/SDWebImage\"",
					"\"${PODS_ROOT}/Headers/Public/XHRealTimeBlur\"",
					"\"${PODS_ROOT}/Headers/Public/pop\"",
				);
				INFOPLIST_FILE = FootyMania/Info.plist;
				IPHONEOS_DEPLOYMENT_TARGET = 10.0;
				LD_RUNPATH_SEARCH_PATHS = "$(inherited) @executable_path/Frameworks";
				LIBRARY_SEARCH_PATHS = (
					"\"$PODS_CONFIGURATION_BUILD_DIR/SDWebImage\"",
					"\"$PODS_CONFIGURATION_BUILD_DIR/XHRealTimeBlur\"",
					"\"$PODS_CONFIGURATION_BUILD_DIR/pop\"",
					"$(inherited)",
					"$(PROJECT_DIR)",
				);
				OTHER_LDFLAGS = (
					"$(inherited)",
					"-ObjC",
					"-l\"SDWebImage\"",
					"-l\"XHRealTimeBlur\"",
					"-l\"c++\"",
					"-l\"pop\"",
					"-l\"xml2\"",
					"-l\"z\"",
					"-framework",
					"\"CoreGraphics\"",
					"-framework",
					"\"Foundation\"",
					"-framework",
					"\"ImageIO\"",
					"-framework",
					"\"UIKit\"",
				);
				PRODUCT_BUNDLE_IDENTIFIER = com.Example.FootyMania;
				PRODUCT_NAME = "$(TARGET_NAME)";
				TARGETED_DEVICE_FAMILY = "1,2";
			};
			name = Debug;
		};
		017BCF811DCCA37800069732 /* Release */ = {
			isa = XCBuildConfiguration;
			baseConfigurationReference = E1021B24E31C45FBCB118A66 /* Pods-FootyMania.release.xcconfig */;
			buildSettings = {
				ASSETCATALOG_COMPILER_APPICON_NAME = AppIcon;
				"CODE_SIGN_IDENTITY[sdk=iphoneos*]" = "iPhone Developer";
				DEVELOPMENT_TEAM = "";
				GCC_VERSION = "";
				HEADER_SEARCH_PATHS = (
					"$(SDKROOT)/usr/include/libxml2",
					"$(inherited)",
					"\"${PODS_ROOT}/Headers/Public\"",
					"\"${PODS_ROOT}/Headers/Public/HVTableView\"",
					"\"${PODS_ROOT}/Headers/Public/SDWebImage\"",
					"\"${PODS_ROOT}/Headers/Public/XHRealTimeBlur\"",
					"\"${PODS_ROOT}/Headers/Public/pop\"",
				);
				INFOPLIST_FILE = FootyMania/Info.plist;
				IPHONEOS_DEPLOYMENT_TARGET = 10.0;
				LD_RUNPATH_SEARCH_PATHS = "$(inherited) @executable_path/Frameworks";
				LIBRARY_SEARCH_PATHS = (
					"\"$PODS_CONFIGURATION_BUILD_DIR/SDWebImage\"",
					"\"$PODS_CONFIGURATION_BUILD_DIR/XHRealTimeBlur\"",
					"\"$PODS_CONFIGURATION_BUILD_DIR/pop\"",
					"$(inherited)",
					"$(PROJECT_DIR)",
				);
				OTHER_LDFLAGS = (
					"$(inherited)",
					"-ObjC",
					"-l\"SDWebImage\"",
					"-l\"XHRealTimeBlur\"",
					"-l\"c++\"",
					"-l\"pop\"",
					"-l\"xml2\"",
					"-l\"z\"",
					"-framework",
					"\"CoreGraphics\"",
					"-framework",
					"\"Foundation\"",
					"-framework",
					"\"ImageIO\"",
					"-framework",
					"\"UIKit\"",
				);
				PRODUCT_BUNDLE_IDENTIFIER = com.Example.FootyMania;
				PRODUCT_NAME = "$(TARGET_NAME)";
				TARGETED_DEVICE_FAMILY = "1,2";
			};
			name = Release;
		};
/* End XCBuildConfiguration section */

/* Begin XCConfigurationList section */
		017BCF631DCCA37700069732 /* Build configuration list for PBXProject "FootyMania" */ = {
			isa = XCConfigurationList;
			buildConfigurations = (
				017BCF7D1DCCA37800069732 /* Debug */,
				017BCF7E1DCCA37800069732 /* Release */,
			);
			defaultConfigurationIsVisible = 0;
			defaultConfigurationName = Release;
		};
		017BCF7F1DCCA37800069732 /* Build configuration list for PBXNativeTarget "FootyMania" */ = {
			isa = XCConfigurationList;
			buildConfigurations = (
				017BCF801DCCA37800069732 /* Debug */,
				017BCF811DCCA37800069732 /* Release */,
			);
			defaultConfigurationIsVisible = 0;
			defaultConfigurationName = Release;
		};
/* End XCConfigurationList section */
	};
	rootObject = 017BCF601DCCA37700069732 /* Project object */;
}
